{"format_version":"0.1","terraform_version":"0.14.6","variables":{"log_categories":{"value":null}},"planned_values":{"root_module":{"resources":[{"address":"azurerm_iothub.iothub","mode":"managed","type":"azurerm_iothub","name":"iothub","provider_name":"registry.terraform.io/hashicorp/azurerm","schema_version":0,"values":{"endpoint":[{"batch_frequency_in_seconds":60,"connection_string":"DefaultEndpointsProtocol=https;BlobEndpoint=https://cr3685tststacc.blob.core.windows.net/;AccountName=cr3685tststacc;AccountKey=****","container_name":"examplecontainer","encoding":"Avro","file_name_format":"{iothub}/{partition}_{YYYY}_{MM}_{DD}_{HH}_{mm}","max_chunk_size_in_bytes":10485760,"name":"export","resource_group_name":"cr3685-RG","type":"AzureIotHub.StorageContainer"}],"enrichment":[{"endpoint_names":["export"],"key":"tenant","value":"$twin.tags.Tenant"}],"event_hub_events_endpoint":"sb://iothub-ns-cr3685-iot-16375111-5b225744b0.servicebus.windows.net/","event_hub_events_path":"cr3685-iothub","event_hub_operations_endpoint":null,"event_hub_operations_path":null,"event_hub_partition_count":2,"event_hub_retention_in_days":1,"fallback_route":[{"condition":"true","enabled":true,"endpoint_names":["export"],"source":"DeviceMessages"}],"file_upload":[{"connection_string":"DefaultEndpointsProtocol=https;BlobEndpoint=https://cr3685tststacc.blob.core.windows.net/;AccountName=cr3685tststacc;AccountKey=****","container_name":"examplecontainer","default_ttl":"PT1H","lock_duration":"PT1M","max_delivery_count":10,"notifications":false,"sas_ttl":"PT1H"}],"hostname":"cr3685-IoTHub.azure-devices.net","id":"/subscriptions/230613d8-3b34-4790-b650-36f31045f19a/resourceGroups/cr3685-RG/providers/Microsoft.Devices/IotHubs/cr3685-IoTHub","ip_filter_rule":[{"action":"Accept","ip_mask":"10.0.10.0/24","name":"sample"}],"location":"eastus","min_tls_version":"1.2","name":"cr3685-IoTHub","public_network_access_enabled":false,"resource_group_name":"cr3685-RG","route":[{"condition":"true","enabled":true,"endpoint_names":["export"],"name":"export","source":"DeviceMessages"}],"shared_access_policy":[{"key_name":"iothubowner","permissions":"RegistryWrite, ServiceConnect, DeviceConnect","primary_key":"IQe4XwGQnsZLpGNorGAViQtAqbrdObKzAWbohdNh+lY=","secondary_key":"ZwbvpgU4J4Sj8HFko2wFxS/ndj3cFOUHShvG7ypZpi8="},{"key_name":"service","permissions":"ServiceConnect","primary_key":"U++0rDOzlxhiB3slfKT9xHGQd8ataQtGbkVe8hGv8bE=","secondary_key":"/Hy/4//ur5AkGVvoOohmVqSM0BBo6+jyjQjeDOkxgRc="},{"key_name":"device","permissions":"DeviceConnect","primary_key":"PJGYuuT5a+Qlb6FjAvTpPy3dNfhdhX6iiC4hkgtmrhI=","secondary_key":"q1OBm9f950KwPTTCYY4Lz/oGvib0Gc+OIAfdidnSXPI="},{"key_name":"registryRead","permissions":"RegistryRead","primary_key":"LOvbLg+/iTVXjrjGJf53hEzS1TXwT9lGT0vL7BnN4bg=","secondary_key":"ysFsSA4L7BlixTgXbolpnK9+VkCZzFWCteBi0hx74t4="},{"key_name":"registryReadWrite","permissions":"RegistryWrite","primary_key":"4aszRHX3UBEtVw0+2xtf+51HaLOMslRQ8HjuUuO6S7g=","secondary_key":"iTKYcqDr6JKEnviskbCiXvxi2uWQEiIdHp32rLnu4kM="}],"sku":[{"capacity":1,"name":"S1"}],"tags":{"environment":"Production"},"timeouts":null,"type":"Microsoft.Devices/IotHubs"}},{"address":"azurerm_monitor_diagnostic_setting.example","mode":"managed","type":"azurerm_monitor_diagnostic_setting","name":"example","provider_name":"registry.terraform.io/hashicorp/azurerm","schema_version":0,"values":{"eventhub_authorization_rule_id":"","eventhub_name":"","id":"/subscriptions/230613d8-3b34-4790-b650-36f31045f19a/resourceGroups/cr3685-RG/providers/Microsoft.Devices/IotHubs/cr3685-IoTHub|example","log":[{"retention_policy":[{}]}],"log_analytics_destination_type":null,"log_analytics_workspace_id":"","metric":[{"category":"AllMetrics","enabled":false,"retention_policy":[{"days":0,"enabled":false}]}],"name":"example","storage_account_id":"/subscriptions/230613d8-3b34-4790-b650-36f31045f19a/resourceGroups/cr3685-RG/providers/Microsoft.Storage/storageAccounts/cr3685tststacc","target_resource_id":"/subscriptions/230613d8-3b34-4790-b650-36f31045f19a/resourceGroups/cr3685-RG/providers/Microsoft.Devices/IotHubs/cr3685-IoTHub","timeouts":null}},{"address":"azurerm_resource_group.rg","mode":"managed","type":"azurerm_resource_group","name":"rg","provider_name":"registry.terraform.io/hashicorp/azurerm","schema_version":0,"values":{"id":"/subscriptions/230613d8-3b34-4790-b650-36f31045f19a/resourceGroups/cr3685-RG","location":"eastus","name":"cr3685-RG","tags":{},"timeouts":null}},{"address":"azurerm_storage_account.storacc","mode":"managed","type":"azurerm_storage_account","name":"storacc","provider_name":"registry.terraform.io/hashicorp/azurerm","schema_version":2,"values":{"access_tier":"Hot","account_kind":"StorageV2","account_replication_type":"LRS","account_tier":"Standard","allow_blob_public_access":false,"azure_files_authentication":[],"blob_properties":[{"change_feed_enabled":false,"container_delete_retention_policy":[],"cors_rule":[],"default_service_version":"","delete_retention_policy":[],"last_access_time_enabled":false,"versioning_enabled":false}],"custom_domain":[],"enable_https_traffic_only":true,"id":"/subscriptions/230613d8-3b34-4790-b650-36f31045f19a/resourceGroups/cr3685-RG/providers/Microsoft.Storage/storageAccounts/cr3685tststacc","identity":[],"is_hns_enabled":false,"large_file_share_enabled":null,"location":"eastus","min_tls_version":"TLS1_0","name":"cr3685tststacc","network_rules":[{"bypass":["AzureServices"],"default_action":"Allow","ip_rules":[],"private_link_access":[],"virtual_network_subnet_ids":[]}],"nfsv3_enabled":false,"primary_access_key":"Gvx84VFtfqB2eoTMvwoaCpMsL6akpjJrFrpsmU5A5qwBXc02GdpOW5mPLB4R63J4kpgziYSEp1ZxavUqbQSWZw==","primary_blob_connection_string":"DefaultEndpointsProtocol=https;BlobEndpoint=https://cr3685tststacc.blob.core.windows.net/;AccountName=cr3685tststacc;AccountKey=Gvx84VFtfqB2eoTMvwoaCpMsL6akpjJrFrpsmU5A5qwBXc02GdpOW5mPLB4R63J4kpgziYSEp1ZxavUqbQSWZw==","primary_blob_endpoint":"https://cr3685tststacc.blob.core.windows.net/","primary_blob_host":"cr3685tststacc.blob.core.windows.net","primary_connection_string":"DefaultEndpointsProtocol=https;AccountName=cr3685tststacc;AccountKey=Gvx84VFtfqB2eoTMvwoaCpMsL6akpjJrFrpsmU5A5qwBXc02GdpOW5mPLB4R63J4kpgziYSEp1ZxavUqbQSWZw==;EndpointSuffix=core.windows.net","primary_dfs_endpoint":"https://cr3685tststacc.dfs.core.windows.net/","primary_dfs_host":"cr3685tststacc.dfs.core.windows.net","primary_file_endpoint":"https://cr3685tststacc.file.core.windows.net/","primary_file_host":"cr3685tststacc.file.core.windows.net","primary_location":"eastus","primary_queue_endpoint":"https://cr3685tststacc.queue.core.windows.net/","primary_queue_host":"cr3685tststacc.queue.core.windows.net","primary_table_endpoint":"https://cr3685tststacc.table.core.windows.net/","primary_table_host":"cr3685tststacc.table.core.windows.net","primary_web_endpoint":"https://cr3685tststacc.z13.web.core.windows.net/","primary_web_host":"cr3685tststacc.z13.web.core.windows.net","queue_encryption_key_type":"Service","queue_properties":[{"cors_rule":[],"hour_metrics":[{"enabled":true,"include_apis":true,"retention_policy_days":7,"version":"1.0"}],"logging":[{"delete":false,"read":false,"retention_policy_days":0,"version":"1.0","write":false}],"minute_metrics":[{"enabled":false,"include_apis":false,"retention_policy_days":0,"version":"1.0"}]}],"resource_group_name":"cr3685-RG","routing":[],"secondary_access_key":"WSOjofkMQK4rrmKj539YOKhVj03ScYLh1DREJ7rRRRe7jVLZFNVNyrKR03kDqduePQDz2d+GsUBXWoosSx+AxQ==","secondary_blob_connection_string":"","secondary_blob_endpoint":null,"secondary_blob_host":null,"secondary_connection_string":"DefaultEndpointsProtocol=https;AccountName=cr3685tststacc;AccountKey=WSOjofkMQK4rrmKj539YOKhVj03ScYLh1DREJ7rRRRe7jVLZFNVNyrKR03kDqduePQDz2d+GsUBXWoosSx+AxQ==;EndpointSuffix=core.windows.net","secondary_dfs_endpoint":null,"secondary_dfs_host":null,"secondary_file_endpoint":null,"secondary_file_host":null,"secondary_location":"","secondary_queue_endpoint":null,"secondary_queue_host":null,"secondary_table_endpoint":null,"secondary_table_host":null,"secondary_web_endpoint":null,"secondary_web_host":null,"share_properties":[{"cors_rule":[],"retention_policy":[{"days":7}],"smb":[]}],"shared_access_key_enabled":true,"static_website":[],"table_encryption_key_type":"Service","tags":{},"timeouts":null}},{"address":"azurerm_storage_container.example","mode":"managed","type":"azurerm_storage_container","name":"example","provider_name":"registry.terraform.io/hashicorp/azurerm","schema_version":1,"values":{"container_access_type":"private","has_immutability_policy":false,"has_legal_hold":false,"id":"https://cr3685tststacc.blob.core.windows.net/examplecontainer","metadata":{},"name":"examplecontainer","resource_manager_id":"/subscriptions/230613d8-3b34-4790-b650-36f31045f19a/resourceGroups/cr3685-RG/providers/Microsoft.Storage/storageAccounts/cr3685tststacc/blobServices/default/containers/examplecontainer","storage_account_name":"cr3685tststacc","timeouts":null}},{"address":"data.azurerm_monitor_diagnostic_categories.main[0]","mode":"data","type":"azurerm_monitor_diagnostic_categories","name":"main","index":0,"provider_name":"registry.terraform.io/hashicorp/azurerm","schema_version":0,"values":{"resource_id":"/subscriptions/230613d8-3b34-4790-b650-36f31045f19a/resourceGroups/cr3685-RG/providers/Microsoft.Devices/IotHubs/cr3685-IoTHub"}}]}},"resource_changes":[{"address":"azurerm_iothub.iothub","mode":"managed","type":"azurerm_iothub","name":"iothub","provider_name":"registry.terraform.io/hashicorp/azurerm","change":{"actions":["update"],"before":{"endpoint":[{"batch_frequency_in_seconds":60,"connection_string":"DefaultEndpointsProtocol=https;BlobEndpoint=https://cr3685tststacc.blob.core.windows.net/;AccountName=cr3685tststacc;AccountKey=****","container_name":"examplecontainer","encoding":"Avro","file_name_format":"{iothub}/{partition}_{YYYY}_{MM}_{DD}_{HH}_{mm}","max_chunk_size_in_bytes":10485760,"name":"export","resource_group_name":"cr3685-RG","type":"AzureIotHub.StorageContainer"}],"enrichment":[{"endpoint_names":["export"],"key":"tenant","value":"$twin.tags.Tenant"}],"event_hub_events_endpoint":"sb://iothub-ns-cr3685-iot-16375111-5b225744b0.servicebus.windows.net/","event_hub_events_path":"cr3685-iothub","event_hub_operations_endpoint":null,"event_hub_operations_path":null,"event_hub_partition_count":2,"event_hub_retention_in_days":1,"fallback_route":[{"condition":"true","enabled":true,"endpoint_names":["export"],"source":"DeviceMessages"}],"file_upload":[{"connection_string":"DefaultEndpointsProtocol=https;BlobEndpoint=https://cr3685tststacc.blob.core.windows.net/;AccountName=cr3685tststacc;AccountKey=****","container_name":"examplecontainer","default_ttl":"PT1H","lock_duration":"PT1M","max_delivery_count":10,"notifications":false,"sas_ttl":"PT1H"}],"hostname":"cr3685-IoTHub.azure-devices.net","id":"/subscriptions/230613d8-3b34-4790-b650-36f31045f19a/resourceGroups/cr3685-RG/providers/Microsoft.Devices/IotHubs/cr3685-IoTHub","ip_filter_rule":[{"action":"Accept","ip_mask":"10.0.10.0/24","name":"sample"}],"location":"eastus","min_tls_version":"1.2","name":"cr3685-IoTHub","public_network_access_enabled":false,"resource_group_name":"cr3685-RG","route":[{"condition":"true","enabled":true,"endpoint_names":["export"],"name":"export","source":"DeviceMessages"}],"shared_access_policy":[{"key_name":"iothubowner","permissions":"RegistryWrite, ServiceConnect, DeviceConnect","primary_key":"IQe4XwGQnsZLpGNorGAViQtAqbrdObKzAWbohdNh+lY=","secondary_key":"ZwbvpgU4J4Sj8HFko2wFxS/ndj3cFOUHShvG7ypZpi8="},{"key_name":"service","permissions":"ServiceConnect","primary_key":"U++0rDOzlxhiB3slfKT9xHGQd8ataQtGbkVe8hGv8bE=","secondary_key":"/Hy/4//ur5AkGVvoOohmVqSM0BBo6+jyjQjeDOkxgRc="},{"key_name":"device","permissions":"DeviceConnect","primary_key":"PJGYuuT5a+Qlb6FjAvTpPy3dNfhdhX6iiC4hkgtmrhI=","secondary_key":"q1OBm9f950KwPTTCYY4Lz/oGvib0Gc+OIAfdidnSXPI="},{"key_name":"registryRead","permissions":"RegistryRead","primary_key":"LOvbLg+/iTVXjrjGJf53hEzS1TXwT9lGT0vL7BnN4bg=","secondary_key":"ysFsSA4L7BlixTgXbolpnK9+VkCZzFWCteBi0hx74t4="},{"key_name":"registryReadWrite","permissions":"RegistryWrite","primary_key":"4aszRHX3UBEtVw0+2xtf+51HaLOMslRQ8HjuUuO6S7g=","secondary_key":"iTKYcqDr6JKEnviskbCiXvxi2uWQEiIdHp32rLnu4kM="}],"sku":[{"capacity":1,"name":"S1"}],"tags":{"environment":"Production"},"timeouts":null,"type":"Microsoft.Devices/IotHubs"},"after":{"endpoint":[{"batch_frequency_in_seconds":60,"connection_string":"DefaultEndpointsProtocol=https;BlobEndpoint=https://cr3685tststacc.blob.core.windows.net/;AccountName=cr3685tststacc;AccountKey=****","container_name":"examplecontainer","encoding":"Avro","file_name_format":"{iothub}/{partition}_{YYYY}_{MM}_{DD}_{HH}_{mm}","max_chunk_size_in_bytes":10485760,"name":"export","resource_group_name":"cr3685-RG","type":"AzureIotHub.StorageContainer"}],"enrichment":[{"endpoint_names":["export"],"key":"tenant","value":"$twin.tags.Tenant"}],"event_hub_events_endpoint":"sb://iothub-ns-cr3685-iot-16375111-5b225744b0.servicebus.windows.net/","event_hub_events_path":"cr3685-iothub","event_hub_operations_endpoint":null,"event_hub_operations_path":null,"event_hub_partition_count":2,"event_hub_retention_in_days":1,"fallback_route":[{"condition":"true","enabled":true,"endpoint_names":["export"],"source":"DeviceMessages"}],"file_upload":[{"connection_string":"DefaultEndpointsProtocol=https;BlobEndpoint=https://cr3685tststacc.blob.core.windows.net/;AccountName=cr3685tststacc;AccountKey=****","container_name":"examplecontainer","default_ttl":"PT1H","lock_duration":"PT1M","max_delivery_count":10,"notifications":false,"sas_ttl":"PT1H"}],"hostname":"cr3685-IoTHub.azure-devices.net","id":"/subscriptions/230613d8-3b34-4790-b650-36f31045f19a/resourceGroups/cr3685-RG/providers/Microsoft.Devices/IotHubs/cr3685-IoTHub","ip_filter_rule":[{"action":"Accept","ip_mask":"10.0.10.0/24","name":"sample"}],"location":"eastus","min_tls_version":"1.2","name":"cr3685-IoTHub","public_network_access_enabled":false,"resource_group_name":"cr3685-RG","route":[{"condition":"true","enabled":true,"endpoint_names":["export"],"name":"export","source":"DeviceMessages"}],"shared_access_policy":[{"key_name":"iothubowner","permissions":"RegistryWrite, ServiceConnect, DeviceConnect","primary_key":"IQe4XwGQnsZLpGNorGAViQtAqbrdObKzAWbohdNh+lY=","secondary_key":"ZwbvpgU4J4Sj8HFko2wFxS/ndj3cFOUHShvG7ypZpi8="},{"key_name":"service","permissions":"ServiceConnect","primary_key":"U++0rDOzlxhiB3slfKT9xHGQd8ataQtGbkVe8hGv8bE=","secondary_key":"/Hy/4//ur5AkGVvoOohmVqSM0BBo6+jyjQjeDOkxgRc="},{"key_name":"device","permissions":"DeviceConnect","primary_key":"PJGYuuT5a+Qlb6FjAvTpPy3dNfhdhX6iiC4hkgtmrhI=","secondary_key":"q1OBm9f950KwPTTCYY4Lz/oGvib0Gc+OIAfdidnSXPI="},{"key_name":"registryRead","permissions":"RegistryRead","primary_key":"LOvbLg+/iTVXjrjGJf53hEzS1TXwT9lGT0vL7BnN4bg=","secondary_key":"ysFsSA4L7BlixTgXbolpnK9+VkCZzFWCteBi0hx74t4="},{"key_name":"registryReadWrite","permissions":"RegistryWrite","primary_key":"4aszRHX3UBEtVw0+2xtf+51HaLOMslRQ8HjuUuO6S7g=","secondary_key":"iTKYcqDr6JKEnviskbCiXvxi2uWQEiIdHp32rLnu4kM="}],"sku":[{"capacity":1,"name":"S1"}],"tags":{"environment":"Production"},"timeouts":null,"type":"Microsoft.Devices/IotHubs"},"after_unknown":{}}},{"address":"azurerm_monitor_diagnostic_setting.example","mode":"managed","type":"azurerm_monitor_diagnostic_setting","name":"example","provider_name":"registry.terraform.io/hashicorp/azurerm","change":{"actions":["update"],"before":{"eventhub_authorization_rule_id":"","eventhub_name":"","id":"/subscriptions/230613d8-3b34-4790-b650-36f31045f19a/resourceGroups/cr3685-RG/providers/Microsoft.Devices/IotHubs/cr3685-IoTHub|example","log":[{"category":"C2DCommands","enabled":true,"retention_policy":[{"days":31,"enabled":true}]},{"category":"C2DTwinOperations","enabled":true,"retention_policy":[{"days":31,"enabled":true}]},{"category":"Configurations","enabled":true,"retention_policy":[{"days":31,"enabled":true}]},{"category":"Connections","enabled":true,"retention_policy":[{"days":31,"enabled":true}]},{"category":"D2CTwinOperations","enabled":true,"retention_policy":[{"days":31,"enabled":true}]},{"category":"DeviceIdentityOperations","enabled":true,"retention_policy":[{"days":31,"enabled":true}]},{"category":"DeviceStreams","enabled":true,"retention_policy":[{"days":31,"enabled":true}]},{"category":"DeviceTelemetry","enabled":true,"retention_policy":[{"days":31,"enabled":true}]},{"category":"DirectMethods","enabled":true,"retention_policy":[{"days":31,"enabled":true}]},{"category":"DistributedTracing","enabled":true,"retention_policy":[{"days":31,"enabled":true}]},{"category":"FileUploadOperations","enabled":true,"retention_policy":[{"days":31,"enabled":true}]},{"category":"JobsOperations","enabled":true,"retention_policy":[{"days":31,"enabled":true}]},{"category":"Routes","enabled":true,"retention_policy":[{"days":31,"enabled":true}]},{"category":"TwinQueries","enabled":true,"retention_policy":[{"days":31,"enabled":true}]}],"log_analytics_destination_type":"AzureDiagnostics","log_analytics_workspace_id":"","metric":[{"category":"AllMetrics","enabled":false,"retention_policy":[{"days":0,"enabled":false}]}],"name":"example","storage_account_id":"/subscriptions/230613d8-3b34-4790-b650-36f31045f19a/resourceGroups/cr3685-RG/providers/Microsoft.Storage/storageAccounts/cr3685tststacc","target_resource_id":"/subscriptions/230613d8-3b34-4790-b650-36f31045f19a/resourceGroups/cr3685-RG/providers/Microsoft.Devices/IotHubs/cr3685-IoTHub","timeouts":null},"after":{"eventhub_authorization_rule_id":"","eventhub_name":"","id":"/subscriptions/230613d8-3b34-4790-b650-36f31045f19a/resourceGroups/cr3685-RG/providers/Microsoft.Devices/IotHubs/cr3685-IoTHub|example","log":[{"retention_policy":[{}]}],"log_analytics_destination_type":null,"log_analytics_workspace_id":"","metric":[{"category":"AllMetrics","enabled":false,"retention_policy":[{"days":0,"enabled":false}]}],"name":"example","storage_account_id":"/subscriptions/230613d8-3b34-4790-b650-36f31045f19a/resourceGroups/cr3685-RG/providers/Microsoft.Storage/storageAccounts/cr3685tststacc","target_resource_id":"/subscriptions/230613d8-3b34-4790-b650-36f31045f19a/resourceGroups/cr3685-RG/providers/Microsoft.Devices/IotHubs/cr3685-IoTHub","timeouts":null},"after_unknown":{"log":[{"category":true,"enabled":true,"retention_policy":[{"days":true,"enabled":true}]}],"metric":[{"retention_policy":[{}]}]}}},{"address":"azurerm_resource_group.rg","mode":"managed","type":"azurerm_resource_group","name":"rg","provider_name":"registry.terraform.io/hashicorp/azurerm","change":{"actions":["no-op"],"before":{"id":"/subscriptions/230613d8-3b34-4790-b650-36f31045f19a/resourceGroups/cr3685-RG","location":"eastus","name":"cr3685-RG","tags":{},"timeouts":null},"after":{"id":"/subscriptions/230613d8-3b34-4790-b650-36f31045f19a/resourceGroups/cr3685-RG","location":"eastus","name":"cr3685-RG","tags":{},"timeouts":null},"after_unknown":{}}},{"address":"azurerm_storage_account.storacc","mode":"managed","type":"azurerm_storage_account","name":"storacc","provider_name":"registry.terraform.io/hashicorp/azurerm","change":{"actions":["no-op"],"before":{"access_tier":"Hot","account_kind":"StorageV2","account_replication_type":"LRS","account_tier":"Standard","allow_blob_public_access":false,"azure_files_authentication":[],"blob_properties":[{"change_feed_enabled":false,"container_delete_retention_policy":[],"cors_rule":[],"default_service_version":"","delete_retention_policy":[],"last_access_time_enabled":false,"versioning_enabled":false}],"custom_domain":[],"enable_https_traffic_only":true,"id":"/subscriptions/230613d8-3b34-4790-b650-36f31045f19a/resourceGroups/cr3685-RG/providers/Microsoft.Storage/storageAccounts/cr3685tststacc","identity":[],"is_hns_enabled":false,"large_file_share_enabled":null,"location":"eastus","min_tls_version":"TLS1_0","name":"cr3685tststacc","network_rules":[{"bypass":["AzureServices"],"default_action":"Allow","ip_rules":[],"private_link_access":[],"virtual_network_subnet_ids":[]}],"nfsv3_enabled":false,"primary_access_key":"Gvx84VFtfqB2eoTMvwoaCpMsL6akpjJrFrpsmU5A5qwBXc02GdpOW5mPLB4R63J4kpgziYSEp1ZxavUqbQSWZw==","primary_blob_connection_string":"DefaultEndpointsProtocol=https;BlobEndpoint=https://cr3685tststacc.blob.core.windows.net/;AccountName=cr3685tststacc;AccountKey=Gvx84VFtfqB2eoTMvwoaCpMsL6akpjJrFrpsmU5A5qwBXc02GdpOW5mPLB4R63J4kpgziYSEp1ZxavUqbQSWZw==","primary_blob_endpoint":"https://cr3685tststacc.blob.core.windows.net/","primary_blob_host":"cr3685tststacc.blob.core.windows.net","primary_connection_string":"DefaultEndpointsProtocol=https;AccountName=cr3685tststacc;AccountKey=Gvx84VFtfqB2eoTMvwoaCpMsL6akpjJrFrpsmU5A5qwBXc02GdpOW5mPLB4R63J4kpgziYSEp1ZxavUqbQSWZw==;EndpointSuffix=core.windows.net","primary_dfs_endpoint":"https://cr3685tststacc.dfs.core.windows.net/","primary_dfs_host":"cr3685tststacc.dfs.core.windows.net","primary_file_endpoint":"https://cr3685tststacc.file.core.windows.net/","primary_file_host":"cr3685tststacc.file.core.windows.net","primary_location":"eastus","primary_queue_endpoint":"https://cr3685tststacc.queue.core.windows.net/","primary_queue_host":"cr3685tststacc.queue.core.windows.net","primary_table_endpoint":"https://cr3685tststacc.table.core.windows.net/","primary_table_host":"cr3685tststacc.table.core.windows.net","primary_web_endpoint":"https://cr3685tststacc.z13.web.core.windows.net/","primary_web_host":"cr3685tststacc.z13.web.core.windows.net","queue_encryption_key_type":"Service","queue_properties":[{"cors_rule":[],"hour_metrics":[{"enabled":true,"include_apis":true,"retention_policy_days":7,"version":"1.0"}],"logging":[{"delete":false,"read":false,"retention_policy_days":0,"version":"1.0","write":false}],"minute_metrics":[{"enabled":false,"include_apis":false,"retention_policy_days":0,"version":"1.0"}]}],"resource_group_name":"cr3685-RG","routing":[],"secondary_access_key":"WSOjofkMQK4rrmKj539YOKhVj03ScYLh1DREJ7rRRRe7jVLZFNVNyrKR03kDqduePQDz2d+GsUBXWoosSx+AxQ==","secondary_blob_connection_string":"","secondary_blob_endpoint":null,"secondary_blob_host":null,"secondary_connection_string":"DefaultEndpointsProtocol=https;AccountName=cr3685tststacc;AccountKey=WSOjofkMQK4rrmKj539YOKhVj03ScYLh1DREJ7rRRRe7jVLZFNVNyrKR03kDqduePQDz2d+GsUBXWoosSx+AxQ==;EndpointSuffix=core.windows.net","secondary_dfs_endpoint":null,"secondary_dfs_host":null,"secondary_file_endpoint":null,"secondary_file_host":null,"secondary_location":"","secondary_queue_endpoint":null,"secondary_queue_host":null,"secondary_table_endpoint":null,"secondary_table_host":null,"secondary_web_endpoint":null,"secondary_web_host":null,"share_properties":[{"cors_rule":[],"retention_policy":[{"days":7}],"smb":[]}],"shared_access_key_enabled":true,"static_website":[],"table_encryption_key_type":"Service","tags":{},"timeouts":null},"after":{"access_tier":"Hot","account_kind":"StorageV2","account_replication_type":"LRS","account_tier":"Standard","allow_blob_public_access":false,"azure_files_authentication":[],"blob_properties":[{"change_feed_enabled":false,"container_delete_retention_policy":[],"cors_rule":[],"default_service_version":"","delete_retention_policy":[],"last_access_time_enabled":false,"versioning_enabled":false}],"custom_domain":[],"enable_https_traffic_only":true,"id":"/subscriptions/230613d8-3b34-4790-b650-36f31045f19a/resourceGroups/cr3685-RG/providers/Microsoft.Storage/storageAccounts/cr3685tststacc","identity":[],"is_hns_enabled":false,"large_file_share_enabled":null,"location":"eastus","min_tls_version":"TLS1_0","name":"cr3685tststacc","network_rules":[{"bypass":["AzureServices"],"default_action":"Allow","ip_rules":[],"private_link_access":[],"virtual_network_subnet_ids":[]}],"nfsv3_enabled":false,"primary_access_key":"Gvx84VFtfqB2eoTMvwoaCpMsL6akpjJrFrpsmU5A5qwBXc02GdpOW5mPLB4R63J4kpgziYSEp1ZxavUqbQSWZw==","primary_blob_connection_string":"DefaultEndpointsProtocol=https;BlobEndpoint=https://cr3685tststacc.blob.core.windows.net/;AccountName=cr3685tststacc;AccountKey=Gvx84VFtfqB2eoTMvwoaCpMsL6akpjJrFrpsmU5A5qwBXc02GdpOW5mPLB4R63J4kpgziYSEp1ZxavUqbQSWZw==","primary_blob_endpoint":"https://cr3685tststacc.blob.core.windows.net/","primary_blob_host":"cr3685tststacc.blob.core.windows.net","primary_connection_string":"DefaultEndpointsProtocol=https;AccountName=cr3685tststacc;AccountKey=Gvx84VFtfqB2eoTMvwoaCpMsL6akpjJrFrpsmU5A5qwBXc02GdpOW5mPLB4R63J4kpgziYSEp1ZxavUqbQSWZw==;EndpointSuffix=core.windows.net","primary_dfs_endpoint":"https://cr3685tststacc.dfs.core.windows.net/","primary_dfs_host":"cr3685tststacc.dfs.core.windows.net","primary_file_endpoint":"https://cr3685tststacc.file.core.windows.net/","primary_file_host":"cr3685tststacc.file.core.windows.net","primary_location":"eastus","primary_queue_endpoint":"https://cr3685tststacc.queue.core.windows.net/","primary_queue_host":"cr3685tststacc.queue.core.windows.net","primary_table_endpoint":"https://cr3685tststacc.table.core.windows.net/","primary_table_host":"cr3685tststacc.table.core.windows.net","primary_web_endpoint":"https://cr3685tststacc.z13.web.core.windows.net/","primary_web_host":"cr3685tststacc.z13.web.core.windows.net","queue_encryption_key_type":"Service","queue_properties":[{"cors_rule":[],"hour_metrics":[{"enabled":true,"include_apis":true,"retention_policy_days":7,"version":"1.0"}],"logging":[{"delete":false,"read":false,"retention_policy_days":0,"version":"1.0","write":false}],"minute_metrics":[{"enabled":false,"include_apis":false,"retention_policy_days":0,"version":"1.0"}]}],"resource_group_name":"cr3685-RG","routing":[],"secondary_access_key":"WSOjofkMQK4rrmKj539YOKhVj03ScYLh1DREJ7rRRRe7jVLZFNVNyrKR03kDqduePQDz2d+GsUBXWoosSx+AxQ==","secondary_blob_connection_string":"","secondary_blob_endpoint":null,"secondary_blob_host":null,"secondary_connection_string":"DefaultEndpointsProtocol=https;AccountName=cr3685tststacc;AccountKey=WSOjofkMQK4rrmKj539YOKhVj03ScYLh1DREJ7rRRRe7jVLZFNVNyrKR03kDqduePQDz2d+GsUBXWoosSx+AxQ==;EndpointSuffix=core.windows.net","secondary_dfs_endpoint":null,"secondary_dfs_host":null,"secondary_file_endpoint":null,"secondary_file_host":null,"secondary_location":"","secondary_queue_endpoint":null,"secondary_queue_host":null,"secondary_table_endpoint":null,"secondary_table_host":null,"secondary_web_endpoint":null,"secondary_web_host":null,"share_properties":[{"cors_rule":[],"retention_policy":[{"days":7}],"smb":[]}],"shared_access_key_enabled":true,"static_website":[],"table_encryption_key_type":"Service","tags":{},"timeouts":null},"after_unknown":{}}},{"address":"azurerm_storage_container.example","mode":"managed","type":"azurerm_storage_container","name":"example","provider_name":"registry.terraform.io/hashicorp/azurerm","change":{"actions":["no-op"],"before":{"container_access_type":"private","has_immutability_policy":false,"has_legal_hold":false,"id":"https://cr3685tststacc.blob.core.windows.net/examplecontainer","metadata":{},"name":"examplecontainer","resource_manager_id":"/subscriptions/230613d8-3b34-4790-b650-36f31045f19a/resourceGroups/cr3685-RG/providers/Microsoft.Storage/storageAccounts/cr3685tststacc/blobServices/default/containers/examplecontainer","storage_account_name":"cr3685tststacc","timeouts":null},"after":{"container_access_type":"private","has_immutability_policy":false,"has_legal_hold":false,"id":"https://cr3685tststacc.blob.core.windows.net/examplecontainer","metadata":{},"name":"examplecontainer","resource_manager_id":"/subscriptions/230613d8-3b34-4790-b650-36f31045f19a/resourceGroups/cr3685-RG/providers/Microsoft.Storage/storageAccounts/cr3685tststacc/blobServices/default/containers/examplecontainer","storage_account_name":"cr3685tststacc","timeouts":null},"after_unknown":{}}},{"address":"data.azurerm_monitor_diagnostic_categories.main[0]","mode":"data","type":"azurerm_monitor_diagnostic_categories","name":"main","index":0,"provider_name":"registry.terraform.io/hashicorp/azurerm","change":{"actions":["read"],"before":{"id":"/subscriptions/230613d8-3b34-4790-b650-36f31045f19a/resourceGroups/cr3685-RG/providers/Microsoft.Devices/IotHubs/cr3685-IoTHub","logs":["C2DCommands","C2DTwinOperations","Configurations","Connections","D2CTwinOperations","DeviceIdentityOperations","DeviceStreams","DeviceTelemetry","DirectMethods","DistributedTracing","FileUploadOperations","JobsOperations","Routes","TwinQueries"],"metrics":["AllMetrics"],"resource_id":"/subscriptions/230613d8-3b34-4790-b650-36f31045f19a/resourceGroups/cr3685-RG/providers/Microsoft.Devices/IotHubs/cr3685-IoTHub","timeouts":null},"after":{"resource_id":"/subscriptions/230613d8-3b34-4790-b650-36f31045f19a/resourceGroups/cr3685-RG/providers/Microsoft.Devices/IotHubs/cr3685-IoTHub"},"after_unknown":{"id":true,"logs":true,"metrics":true,"timeouts":true}}}],"prior_state":{"format_version":"0.1","terraform_version":"1.0.3","values":{"root_module":{"resources":[{"address":"azurerm_iothub.iothub","mode":"managed","type":"azurerm_iothub","name":"iothub","provider_name":"registry.terraform.io/hashicorp/azurerm","schema_version":0,"values":{"endpoint":[{"batch_frequency_in_seconds":60,"connection_string":"DefaultEndpointsProtocol=https;BlobEndpoint=https://cr3685tststacc.blob.core.windows.net/;AccountName=cr3685tststacc;AccountKey=****","container_name":"examplecontainer","encoding":"Avro","file_name_format":"{iothub}/{partition}_{YYYY}_{MM}_{DD}_{HH}_{mm}","max_chunk_size_in_bytes":10485760,"name":"export","resource_group_name":"cr3685-RG","type":"AzureIotHub.StorageContainer"}],"enrichment":[{"endpoint_names":["export"],"key":"tenant","value":"$twin.tags.Tenant"}],"event_hub_events_endpoint":"sb://iothub-ns-cr3685-iot-16375111-5b225744b0.servicebus.windows.net/","event_hub_events_path":"cr3685-iothub","event_hub_operations_endpoint":null,"event_hub_operations_path":null,"event_hub_partition_count":2,"event_hub_retention_in_days":1,"fallback_route":[{"condition":"true","enabled":true,"endpoint_names":["export"],"source":"DeviceMessages"}],"file_upload":[{"connection_string":"DefaultEndpointsProtocol=https;BlobEndpoint=https://cr3685tststacc.blob.core.windows.net/;AccountName=cr3685tststacc;AccountKey=****","container_name":"examplecontainer","default_ttl":"PT1H","lock_duration":"PT1M","max_delivery_count":10,"notifications":false,"sas_ttl":"PT1H"}],"hostname":"cr3685-IoTHub.azure-devices.net","id":"/subscriptions/230613d8-3b34-4790-b650-36f31045f19a/resourceGroups/cr3685-RG/providers/Microsoft.Devices/IotHubs/cr3685-IoTHub","ip_filter_rule":[{"action":"Accept","ip_mask":"10.0.10.0/24","name":"sample"}],"location":"eastus","min_tls_version":"1.2","name":"cr3685-IoTHub","public_network_access_enabled":false,"resource_group_name":"cr3685-RG","route":[{"condition":"true","enabled":true,"endpoint_names":["export"],"name":"export","source":"DeviceMessages"}],"shared_access_policy":[{"key_name":"iothubowner","permissions":"RegistryWrite, ServiceConnect, DeviceConnect","primary_key":"IQe4XwGQnsZLpGNorGAViQtAqbrdObKzAWbohdNh+lY=","secondary_key":"ZwbvpgU4J4Sj8HFko2wFxS/ndj3cFOUHShvG7ypZpi8="},{"key_name":"service","permissions":"ServiceConnect","primary_key":"U++0rDOzlxhiB3slfKT9xHGQd8ataQtGbkVe8hGv8bE=","secondary_key":"/Hy/4//ur5AkGVvoOohmVqSM0BBo6+jyjQjeDOkxgRc="},{"key_name":"device","permissions":"DeviceConnect","primary_key":"PJGYuuT5a+Qlb6FjAvTpPy3dNfhdhX6iiC4hkgtmrhI=","secondary_key":"q1OBm9f950KwPTTCYY4Lz/oGvib0Gc+OIAfdidnSXPI="},{"key_name":"registryRead","permissions":"RegistryRead","primary_key":"LOvbLg+/iTVXjrjGJf53hEzS1TXwT9lGT0vL7BnN4bg=","secondary_key":"ysFsSA4L7BlixTgXbolpnK9+VkCZzFWCteBi0hx74t4="},{"key_name":"registryReadWrite","permissions":"RegistryWrite","primary_key":"4aszRHX3UBEtVw0+2xtf+51HaLOMslRQ8HjuUuO6S7g=","secondary_key":"iTKYcqDr6JKEnviskbCiXvxi2uWQEiIdHp32rLnu4kM="}],"sku":[{"capacity":1,"name":"S1"}],"tags":{"environment":"Production"},"timeouts":null,"type":"Microsoft.Devices/IotHubs"},"depends_on":["azurerm_resource_group.rg","azurerm_storage_account.storacc","azurerm_storage_container.example"]},{"address":"azurerm_monitor_diagnostic_setting.example","mode":"managed","type":"azurerm_monitor_diagnostic_setting","name":"example","provider_name":"registry.terraform.io/hashicorp/azurerm","schema_version":0,"values":{"eventhub_authorization_rule_id":"","eventhub_name":"","id":"/subscriptions/230613d8-3b34-4790-b650-36f31045f19a/resourceGroups/cr3685-RG/providers/Microsoft.Devices/IotHubs/cr3685-IoTHub|example","log":[{"category":"C2DCommands","enabled":true,"retention_policy":[{"days":31,"enabled":true}]},{"category":"C2DTwinOperations","enabled":true,"retention_policy":[{"days":31,"enabled":true}]},{"category":"Configurations","enabled":true,"retention_policy":[{"days":31,"enabled":true}]},{"category":"Connections","enabled":true,"retention_policy":[{"days":31,"enabled":true}]},{"category":"D2CTwinOperations","enabled":true,"retention_policy":[{"days":31,"enabled":true}]},{"category":"DeviceIdentityOperations","enabled":true,"retention_policy":[{"days":31,"enabled":true}]},{"category":"DeviceStreams","enabled":true,"retention_policy":[{"days":31,"enabled":true}]},{"category":"DeviceTelemetry","enabled":true,"retention_policy":[{"days":31,"enabled":true}]},{"category":"DirectMethods","enabled":true,"retention_policy":[{"days":31,"enabled":true}]},{"category":"DistributedTracing","enabled":true,"retention_policy":[{"days":31,"enabled":true}]},{"category":"FileUploadOperations","enabled":true,"retention_policy":[{"days":31,"enabled":true}]},{"category":"JobsOperations","enabled":true,"retention_policy":[{"days":31,"enabled":true}]},{"category":"Routes","enabled":true,"retention_policy":[{"days":31,"enabled":true}]},{"category":"TwinQueries","enabled":true,"retention_policy":[{"days":31,"enabled":true}]}],"log_analytics_destination_type":"AzureDiagnostics","log_analytics_workspace_id":"","metric":[{"category":"AllMetrics","enabled":false,"retention_policy":[{"days":0,"enabled":false}]}],"name":"example","storage_account_id":"/subscriptions/230613d8-3b34-4790-b650-36f31045f19a/resourceGroups/cr3685-RG/providers/Microsoft.Storage/storageAccounts/cr3685tststacc","target_resource_id":"/subscriptions/230613d8-3b34-4790-b650-36f31045f19a/resourceGroups/cr3685-RG/providers/Microsoft.Devices/IotHubs/cr3685-IoTHub","timeouts":null},"depends_on":["data.azurerm_monitor_diagnostic_categories.main","azurerm_iothub.iothub","azurerm_resource_group.rg","azurerm_storage_account.storacc","azurerm_storage_container.example"]},{"address":"azurerm_resource_group.rg","mode":"managed","type":"azurerm_resource_group","name":"rg","provider_name":"registry.terraform.io/hashicorp/azurerm","schema_version":0,"values":{"id":"/subscriptions/230613d8-3b34-4790-b650-36f31045f19a/resourceGroups/cr3685-RG","location":"eastus","name":"cr3685-RG","tags":{},"timeouts":null}},{"address":"azurerm_storage_account.storacc","mode":"managed","type":"azurerm_storage_account","name":"storacc","provider_name":"registry.terraform.io/hashicorp/azurerm","schema_version":2,"values":{"access_tier":"Hot","account_kind":"StorageV2","account_replication_type":"LRS","account_tier":"Standard","allow_blob_public_access":false,"azure_files_authentication":[],"blob_properties":[{"change_feed_enabled":false,"container_delete_retention_policy":[],"cors_rule":[],"default_service_version":"","delete_retention_policy":[],"last_access_time_enabled":false,"versioning_enabled":false}],"custom_domain":[],"enable_https_traffic_only":true,"id":"/subscriptions/230613d8-3b34-4790-b650-36f31045f19a/resourceGroups/cr3685-RG/providers/Microsoft.Storage/storageAccounts/cr3685tststacc","identity":[],"is_hns_enabled":false,"large_file_share_enabled":null,"location":"eastus","min_tls_version":"TLS1_0","name":"cr3685tststacc","network_rules":[{"bypass":["AzureServices"],"default_action":"Allow","ip_rules":[],"private_link_access":[],"virtual_network_subnet_ids":[]}],"nfsv3_enabled":false,"primary_access_key":"Gvx84VFtfqB2eoTMvwoaCpMsL6akpjJrFrpsmU5A5qwBXc02GdpOW5mPLB4R63J4kpgziYSEp1ZxavUqbQSWZw==","primary_blob_connection_string":"DefaultEndpointsProtocol=https;BlobEndpoint=https://cr3685tststacc.blob.core.windows.net/;AccountName=cr3685tststacc;AccountKey=Gvx84VFtfqB2eoTMvwoaCpMsL6akpjJrFrpsmU5A5qwBXc02GdpOW5mPLB4R63J4kpgziYSEp1ZxavUqbQSWZw==","primary_blob_endpoint":"https://cr3685tststacc.blob.core.windows.net/","primary_blob_host":"cr3685tststacc.blob.core.windows.net","primary_connection_string":"DefaultEndpointsProtocol=https;AccountName=cr3685tststacc;AccountKey=Gvx84VFtfqB2eoTMvwoaCpMsL6akpjJrFrpsmU5A5qwBXc02GdpOW5mPLB4R63J4kpgziYSEp1ZxavUqbQSWZw==;EndpointSuffix=core.windows.net","primary_dfs_endpoint":"https://cr3685tststacc.dfs.core.windows.net/","primary_dfs_host":"cr3685tststacc.dfs.core.windows.net","primary_file_endpoint":"https://cr3685tststacc.file.core.windows.net/","primary_file_host":"cr3685tststacc.file.core.windows.net","primary_location":"eastus","primary_queue_endpoint":"https://cr3685tststacc.queue.core.windows.net/","primary_queue_host":"cr3685tststacc.queue.core.windows.net","primary_table_endpoint":"https://cr3685tststacc.table.core.windows.net/","primary_table_host":"cr3685tststacc.table.core.windows.net","primary_web_endpoint":"https://cr3685tststacc.z13.web.core.windows.net/","primary_web_host":"cr3685tststacc.z13.web.core.windows.net","queue_encryption_key_type":"Service","queue_properties":[{"cors_rule":[],"hour_metrics":[{"enabled":true,"include_apis":true,"retention_policy_days":7,"version":"1.0"}],"logging":[{"delete":false,"read":false,"retention_policy_days":0,"version":"1.0","write":false}],"minute_metrics":[{"enabled":false,"include_apis":false,"retention_policy_days":0,"version":"1.0"}]}],"resource_group_name":"cr3685-RG","routing":[],"secondary_access_key":"WSOjofkMQK4rrmKj539YOKhVj03ScYLh1DREJ7rRRRe7jVLZFNVNyrKR03kDqduePQDz2d+GsUBXWoosSx+AxQ==","secondary_blob_connection_string":"","secondary_blob_endpoint":null,"secondary_blob_host":null,"secondary_connection_string":"DefaultEndpointsProtocol=https;AccountName=cr3685tststacc;AccountKey=WSOjofkMQK4rrmKj539YOKhVj03ScYLh1DREJ7rRRRe7jVLZFNVNyrKR03kDqduePQDz2d+GsUBXWoosSx+AxQ==;EndpointSuffix=core.windows.net","secondary_dfs_endpoint":null,"secondary_dfs_host":null,"secondary_file_endpoint":null,"secondary_file_host":null,"secondary_location":"","secondary_queue_endpoint":null,"secondary_queue_host":null,"secondary_table_endpoint":null,"secondary_table_host":null,"secondary_web_endpoint":null,"secondary_web_host":null,"share_properties":[{"cors_rule":[],"retention_policy":[{"days":7}],"smb":[]}],"shared_access_key_enabled":true,"static_website":[],"table_encryption_key_type":"Service","tags":{},"timeouts":null},"depends_on":["azurerm_resource_group.rg"]},{"address":"azurerm_storage_container.example","mode":"managed","type":"azurerm_storage_container","name":"example","provider_name":"registry.terraform.io/hashicorp/azurerm","schema_version":1,"values":{"container_access_type":"private","has_immutability_policy":false,"has_legal_hold":false,"id":"https://cr3685tststacc.blob.core.windows.net/examplecontainer","metadata":{},"name":"examplecontainer","resource_manager_id":"/subscriptions/230613d8-3b34-4790-b650-36f31045f19a/resourceGroups/cr3685-RG/providers/Microsoft.Storage/storageAccounts/cr3685tststacc/blobServices/default/containers/examplecontainer","storage_account_name":"cr3685tststacc","timeouts":null},"depends_on":["azurerm_resource_group.rg","azurerm_storage_account.storacc"]},{"address":"data.azurerm_monitor_diagnostic_categories.main[0]","mode":"data","type":"azurerm_monitor_diagnostic_categories","name":"main","index":0,"provider_name":"registry.terraform.io/hashicorp/azurerm","schema_version":0,"values":{"id":"/subscriptions/230613d8-3b34-4790-b650-36f31045f19a/resourceGroups/cr3685-RG/providers/Microsoft.Devices/IotHubs/cr3685-IoTHub","logs":["C2DCommands","C2DTwinOperations","Configurations","Connections","D2CTwinOperations","DeviceIdentityOperations","DeviceStreams","DeviceTelemetry","DirectMethods","DistributedTracing","FileUploadOperations","JobsOperations","Routes","TwinQueries"],"metrics":["AllMetrics"],"resource_id":"/subscriptions/230613d8-3b34-4790-b650-36f31045f19a/resourceGroups/cr3685-RG/providers/Microsoft.Devices/IotHubs/cr3685-IoTHub","timeouts":null}}]}}},"configuration":{"provider_config":{"azurerm":{"name":"azurerm","expressions":{"features":[{}]}}},"root_module":{"resources":[{"address":"azurerm_iothub.iothub","mode":"managed","type":"azurerm_iothub","name":"iothub","provider_config_key":"azurerm","expressions":{"event_hub_partition_count":{"constant_value":2},"event_hub_retention_in_days":{"constant_value":1},"fallback_route":[{"condition":{"constant_value":"true"},"enabled":{"constant_value":true},"endpoint_names":{"constant_value":["export"]},"source":{"constant_value":"DeviceMessages"}}],"file_upload":[{"connection_string":{"references":["azurerm_storage_account.storacc"]},"container_name":{"references":["azurerm_storage_container.example"]},"default_ttl":{"constant_value":"PT1H"},"lock_duration":{"constant_value":"PT1M"},"max_delivery_count":{"constant_value":10},"notifications":{"constant_value":false},"sas_ttl":{"constant_value":"PT1H"}}],"ip_filter_rule":[{"action":{"constant_value":"Accept"},"ip_mask":{"constant_value":"10.0.10.0/24"},"name":{"constant_value":"sample"}}],"location":{"references":["azurerm_resource_group.rg"]},"min_tls_version":{"constant_value":"1.2"},"name":{"references":["local.resource_prefix"]},"public_network_access_enabled":{"constant_value":false},"resource_group_name":{"references":["azurerm_resource_group.rg"]},"sku":[{"capacity":{"constant_value":"1"},"name":{"constant_value":"S1"}}],"tags":{"constant_value":{"environment":"Production"}}},"schema_version":0,"raw_data":{"FileName":"main.tf","StartLine":26,"EndLine":95}},{"address":"azurerm_monitor_diagnostic_setting.example","mode":"managed","type":"azurerm_monitor_diagnostic_setting","name":"example","provider_config_key":"azurerm","expressions":{"metric":[{"category":{"constant_value":"AllMetrics"},"enabled":{"constant_value":false},"retention_policy":[{"enabled":{"constant_value":false}}]}],"name":{"constant_value":"example"},"storage_account_id":{"references":["azurerm_storage_account.storacc"]},"target_resource_id":{"references":["azurerm_iothub.iothub"]}},"schema_version":0,"raw_data":{"FileName":"main.tf","StartLine":124,"EndLine":150}},{"address":"azurerm_resource_group.rg","mode":"managed","type":"azurerm_resource_group","name":"rg","provider_config_key":"azurerm","expressions":{"location":{"constant_value":"eastus"},"name":{"references":["local.resource_prefix"]}},"schema_version":0,"raw_data":{"FileName":"main.tf","StartLine":7,"EndLine":10}},{"address":"azurerm_storage_account.storacc","mode":"managed","type":"azurerm_storage_account","name":"storacc","provider_config_key":"azurerm","expressions":{"account_replication_type":{"constant_value":"LRS"},"account_tier":{"constant_value":"Standard"},"location":{"references":["azurerm_resource_group.rg"]},"name":{"references":["local.resource_prefix"]},"resource_group_name":{"references":["azurerm_resource_group.rg"]}},"schema_version":2,"raw_data":{"FileName":"main.tf","StartLine":12,"EndLine":18}},{"address":"azurerm_storage_container.example","mode":"managed","type":"azurerm_storage_container","name":"example","provider_config_key":"azurerm","expressions":{"container_access_type":{"constant_value":"private"},"name":{"constant_value":"examplecontainer"},"storage_account_name":{"references":["azurerm_storage_account.storacc"]}},"schema_version":1,"raw_data":{"FileName":"main.tf","StartLine":20,"EndLine":24}},{"address":"data.azurerm_monitor_diagnostic_categories.main","mode":"data","type":"azurerm_monitor_diagnostic_categories","name":"main","provider_config_key":"azurerm","expressions":{"resource_id":{"references":["azurerm_iothub.iothub"]}},"schema_version":0,"count_expression":{"references":["local.enabled"]},"raw_data":{"FileName":"main.tf","StartLine":97,"EndLine":100}}],"variables":{"log_categories":{"default":null,"description":"List of log categories."}}}}}
