{
  "format_version": "0.1",
  "terraform_version": "0.15.0-rc2",
  "planned_values": {
    "root_module": {
      "resources": [
        {
          "address": "aws_ecs_cluster.ecs-cluster",
          "mode": "managed",
          "type": "aws_ecs_cluster",
          "name": "ecs-cluster",
          "provider_name": "registry.terraform.io/hashicorp/aws",
          "schema_version": 0,
          "values": {
            "arn": "arn:aws:ecs:us-east-1:111111111111:cluster/ecs-cluster",
            "capacity_providers": [],
            "configuration": [],
            "default_capacity_provider_strategy": [],
            "id": "arn:aws:ecs:us-east-1:111111111111:cluster/ecs-cluster",
            "name": "ecs-cluster",
            "setting": [],
            "tags": {
              "Env": "Cloudrail",
              "Name": "ecs-cluster-test"
            },
            "tags_all": {
              "Env": "Cloudrail",
              "Name": "ecs-cluster-test"
            }
          }
        },
        {
          "address": "aws_ecs_service.web-server-service",
          "mode": "managed",
          "type": "aws_ecs_service",
          "name": "web-server-service",
          "provider_name": "registry.terraform.io/hashicorp/aws",
          "schema_version": 0,
          "values": {
            "capacity_provider_strategy": [],
            "cluster": "arn:aws:ecs:us-east-1:111111111111:cluster/ecs-cluster",
            "deployment_circuit_breaker": [],
            "deployment_controller": [],
            "deployment_maximum_percent": 200,
            "deployment_minimum_healthy_percent": 100,
            "desired_count": 1,
            "enable_ecs_managed_tags": false,
            "enable_execute_command": false,
            "force_new_deployment": null,
            "health_check_grace_period_seconds": 0,
            "iam_role": "aws-service-role",
            "id": "arn:aws:ecs:us-east-1:111111111111:service/ecs-cluster/web-server-service",
            "launch_type": "FARGATE",
            "load_balancer": [
              {
                "container_name": "apache-web-server",
                "container_port": 80,
                "elb_name": null,
                "target_group_arn": "arn:aws:elasticloadbalancing:us-east-1:111111111111:targetgroup/elb-tg/6e6d8e670e665a4c"
              }
            ],
            "name": "web-server-service",
            "network_configuration": [
              {
                "assign_public_ip": true,
                "security_groups": [
                  "sg-0b0be5a08a68fc351"
                ],
                "subnets": [
                  "subnet-07614a49d99510f6b"
                ]
              }
            ],
            "ordered_placement_strategy": [],
            "placement_constraints": [],
            "platform_version": "LATEST",
            "propagate_tags": "NONE",
            "scheduling_strategy": "REPLICA",
            "service_registries": [],
            "tags": {
              "Env": "Cloudrail",
              "Name": "ecs-cluster-test"
            },
            "tags_all": {
              "Env": "Cloudrail",
              "Name": "ecs-cluster-test"
            },
            "task_definition": "arn:aws:ecs:us-east-1:111111111111:task-definition/web-server-task:44",
            "timeouts": null,
            "wait_for_steady_state": false
          }
        },
        {
          "address": "aws_ecs_task_definition.web-server-task-definition",
          "mode": "managed",
          "type": "aws_ecs_task_definition",
          "name": "web-server-task-definition",
          "provider_name": "registry.terraform.io/hashicorp/aws",
          "schema_version": 1,
          "values": {
            "arn": "arn:aws:ecs:us-east-1:111111111111:task-definition/web-server-task:44",
            "container_definitions": "  [\n    {\n      \"name\": \"apache-web-server\",\n      \"image\": \"167389268608.dkr.ecr.us-east-1.amazonaws.com/apache-web-server:latest\",\n      \"essential\": true,\n      \"portMappings\": [\n        {\n          \"containerPort\": 80,\n          \"hostPort\": 80,\n          \"protocol\": \"tcp\"\n        }\n      ]\n    }\n  ]\n",
            "cpu": "256",
            "ephemeral_storage": [],
            "execution_role_arn": "arn:aws:iam::111111111111:role/aws-service-role/elasticbeanstalk.amazonaws.com/AWSServiceRoleForElasticBeanstalk",
            "family": "web-server-task",
            "id": "web-server-task",
            "inference_accelerator": [],
            "ipc_mode": "",
            "memory": "512",
            "network_mode": "awsvpc",
            "pid_mode": "",
            "placement_constraints": [],
            "proxy_configuration": [],
            "requires_compatibilities": [
              "FARGATE"
            ],
            "revision": 44,
            "tags": {
              "Env": "Cloudrail",
              "Name": "ecs-cluster-test"
            },
            "tags_all": {
              "Env": "Cloudrail",
              "Name": "ecs-cluster-test"
            },
            "task_role_arn": "",
            "volume": []
          }
        },
        {
          "address": "aws_iam_service_linked_role.ecs",
          "mode": "managed",
          "type": "aws_iam_service_linked_role",
          "name": "ecs",
          "provider_name": "registry.terraform.io/hashicorp/aws",
          "schema_version": 0,
          "values": {
            "arn": "arn:aws:iam::111111111111:role/aws-service-role/elasticbeanstalk.amazonaws.com/AWSServiceRoleForElasticBeanstalk",
            "aws_service_name": "elasticbeanstalk.amazonaws.com",
            "create_date": "2021-06-29T09:37:26Z",
            "custom_suffix": "",
            "description": "",
            "id": "arn:aws:iam::111111111111:role/aws-service-role/elasticbeanstalk.amazonaws.com/AWSServiceRoleForElasticBeanstalk",
            "name": "AWSServiceRoleForElasticBeanstalk",
            "path": "/aws-service-role/elasticbeanstalk.amazonaws.com/",
            "unique_id": "AROARVZ4AQRH5I7CG3475"
          }
        },
        {
          "address": "aws_internet_gateway.igw",
          "mode": "managed",
          "type": "aws_internet_gateway",
          "name": "igw",
          "provider_name": "registry.terraform.io/hashicorp/aws",
          "schema_version": 0,
          "values": {
            "arn": "arn:aws:ec2:us-east-1:111111111111:internet-gateway/igw-03ea1b598a6ea02c5",
            "id": "igw-03ea1b598a6ea02c5",
            "owner_id": "111111111111",
            "tags": {},
            "tags_all": {},
            "vpc_id": "vpc-007c06c2f2f523575"
          }
        },
        {
          "address": "aws_lb.public-elb",
          "mode": "managed",
          "type": "aws_lb",
          "name": "public-elb",
          "provider_name": "registry.terraform.io/hashicorp/aws",
          "schema_version": 0,
          "values": {
            "access_logs": [],
            "arn": "arn:aws:elasticloadbalancing:us-east-1:111111111111:loadbalancer/net/public-elb/894e63926e8b3c62",
            "arn_suffix": "net/public-elb/894e63926e8b3c62",
            "customer_owned_ipv4_pool": "",
            "dns_name": "public-elb-894e63926e8b3c62.elb.us-east-1.amazonaws.com",
            "drop_invalid_header_fields": null,
            "enable_cross_zone_load_balancing": false,
            "enable_deletion_protection": false,
            "enable_http2": null,
            "id": "arn:aws:elasticloadbalancing:us-east-1:111111111111:loadbalancer/net/public-elb/894e63926e8b3c62",
            "idle_timeout": null,
            "internal": false,
            "ip_address_type": "ipv4",
            "load_balancer_type": "network",
            "name": "public-elb",
            "name_prefix": null,
            "security_groups": [],
            "subnet_mapping": [],
            "subnets": [
              "subnet-07614a49d99510f6b"
            ],
            "tags": {},
            "tags_all": {},
            "timeouts": null,
            "vpc_id": "vpc-007c06c2f2f523575",
            "zone_id": "Z26RNL4JYFTOTI"
          }
        },
        {
          "address": "aws_lb_listener.test",
          "mode": "managed",
          "type": "aws_lb_listener",
          "name": "test",
          "provider_name": "registry.terraform.io/hashicorp/aws",
          "schema_version": 0,
          "values": {
            "alpn_policy": null,
            "arn": "arn:aws:elasticloadbalancing:us-east-1:111111111111:listener/net/public-elb/894e63926e8b3c62/f2d56c4c510ddbda",
            "certificate_arn": null,
            "default_action": [
              {
                "authenticate_cognito": [],
                "authenticate_oidc": [],
                "fixed_response": [],
                "forward": [],
                "order": 1,
                "redirect": [],
                "target_group_arn": "arn:aws:elasticloadbalancing:us-east-1:111111111111:targetgroup/elb-tg/6e6d8e670e665a4c",
                "type": "forward"
              }
            ],
            "id": "arn:aws:elasticloadbalancing:us-east-1:111111111111:listener/net/public-elb/894e63926e8b3c62/f2d56c4c510ddbda",
            "load_balancer_arn": "arn:aws:elasticloadbalancing:us-east-1:111111111111:loadbalancer/net/public-elb/894e63926e8b3c62",
            "port": 80,
            "protocol": "TCP",
            "ssl_policy": "",
            "tags": {},
            "tags_all": {},
            "timeouts": null
          }
        },
        {
          "address": "aws_lb_target_group.elb-tg",
          "mode": "managed",
          "type": "aws_lb_target_group",
          "name": "elb-tg",
          "provider_name": "registry.terraform.io/hashicorp/aws",
          "schema_version": 0,
          "values": {
            "arn": "arn:aws:elasticloadbalancing:us-east-1:111111111111:targetgroup/elb-tg/6e6d8e670e665a4c",
            "arn_suffix": "targetgroup/elb-tg/6e6d8e670e665a4c",
            "deregistration_delay": 300,
            "health_check": [
              {
                "enabled": null,
                "healthy_threshold": null,
                "interval": 10,
                "matcher": "",
                "path": "",
                "port": "80",
                "protocol": "TCP",
                "timeout": 10,
                "unhealthy_threshold": null
              }
            ],
            "id": "arn:aws:elasticloadbalancing:us-east-1:111111111111:targetgroup/elb-tg/6e6d8e670e665a4c",
            "lambda_multi_value_headers_enabled": false,
            "load_balancing_algorithm_type": null,
            "name": "elb-tg",
            "name_prefix": null,
            "port": 80,
            "preserve_client_ip": "false",
            "protocol": "TCP",
            "protocol_version": null,
            "proxy_protocol_v2": false,
            "slow_start": 0,
            "stickiness": [],
            "tags": {},
            "tags_all": {},
            "target_type": "ip",
            "vpc_id": "vpc-007c06c2f2f523575"
          }
        },
        {
          "address": "aws_network_acl.public-nacl",
          "mode": "managed",
          "type": "aws_network_acl",
          "name": "public-nacl",
          "provider_name": "registry.terraform.io/hashicorp/aws",
          "schema_version": 0,
          "values": {
            "arn": "arn:aws:ec2:us-east-1:111111111111:network-acl/acl-00662a1c9147e9b46",
            "egress": [
              {
                "action": "allow",
                "cidr_block": "0.0.0.0/0",
                "from_port": 0,
                "icmp_code": 0,
                "icmp_type": 0,
                "ipv6_cidr_block": "",
                "protocol": "-1",
                "rule_no": 100,
                "to_port": 0
              }
            ],
            "id": "acl-00662a1c9147e9b46",
            "ingress": [
              {
                "action": "allow",
                "cidr_block": "0.0.0.0/0",
                "from_port": 0,
                "icmp_code": 0,
                "icmp_type": 0,
                "ipv6_cidr_block": "",
                "protocol": "6",
                "rule_no": 100,
                "to_port": 0
              }
            ],
            "owner_id": "111111111111",
            "subnet_ids": [
              "subnet-07614a49d99510f6b"
            ],
            "tags": {},
            "tags_all": {},
            "vpc_id": "vpc-007c06c2f2f523575"
          }
        },
        {
          "address": "aws_network_acl_rule.inbound-rule",
          "mode": "managed",
          "type": "aws_network_acl_rule",
          "name": "inbound-rule",
          "provider_name": "registry.terraform.io/hashicorp/aws",
          "schema_version": 0,
          "values": {
            "cidr_block": "0.0.0.0/0",
            "egress": false,
            "from_port": 0,
            "icmp_code": null,
            "icmp_type": null,
            "id": "nacl-3668553095",
            "ipv6_cidr_block": "",
            "network_acl_id": "acl-00662a1c9147e9b46",
            "protocol": "tcp",
            "rule_action": "allow",
            "rule_number": 100,
            "to_port": 0
          }
        },
        {
          "address": "aws_network_acl_rule.outbound-rule",
          "mode": "managed",
          "type": "aws_network_acl_rule",
          "name": "outbound-rule",
          "provider_name": "registry.terraform.io/hashicorp/aws",
          "schema_version": 0,
          "values": {
            "cidr_block": "0.0.0.0/0",
            "egress": true,
            "from_port": 0,
            "icmp_code": null,
            "icmp_type": null,
            "id": "nacl-2643428381",
            "ipv6_cidr_block": "",
            "network_acl_id": "acl-00662a1c9147e9b46",
            "protocol": "-1",
            "rule_action": "allow",
            "rule_number": 100,
            "to_port": 0
          }
        },
        {
          "address": "aws_route.igw-route",
          "mode": "managed",
          "type": "aws_route",
          "name": "igw-route",
          "provider_name": "registry.terraform.io/hashicorp/aws",
          "schema_version": 0,
          "values": {
            "carrier_gateway_id": "",
            "destination_cidr_block": "0.0.0.0/0",
            "destination_ipv6_cidr_block": "",
            "destination_prefix_list_id": "",
            "egress_only_gateway_id": "",
            "gateway_id": "igw-03ea1b598a6ea02c5",
            "id": "r-rtb-06f18d000928bcc881080289494",
            "instance_id": "",
            "instance_owner_id": "",
            "local_gateway_id": "",
            "nat_gateway_id": "",
            "network_interface_id": "",
            "origin": "CreateRoute",
            "route_table_id": "rtb-06f18d000928bcc88",
            "state": "active",
            "timeouts": null,
            "transit_gateway_id": "",
            "vpc_endpoint_id": "",
            "vpc_peering_connection_id": ""
          }
        },
        {
          "address": "aws_route_table.public-subnet-rt",
          "mode": "managed",
          "type": "aws_route_table",
          "name": "public-subnet-rt",
          "provider_name": "registry.terraform.io/hashicorp/aws",
          "schema_version": 0,
          "values": {
            "arn": "arn:aws:ec2:us-east-1:111111111111:route-table/rtb-06f18d000928bcc88",
            "id": "rtb-06f18d000928bcc88",
            "owner_id": "111111111111",
            "propagating_vgws": [],
            "route": [
              {
                "carrier_gateway_id": "",
                "cidr_block": "0.0.0.0/0",
                "destination_prefix_list_id": "",
                "egress_only_gateway_id": "",
                "gateway_id": "igw-03ea1b598a6ea02c5",
                "instance_id": "",
                "ipv6_cidr_block": "",
                "local_gateway_id": "",
                "nat_gateway_id": "",
                "network_interface_id": "",
                "transit_gateway_id": "",
                "vpc_endpoint_id": "",
                "vpc_peering_connection_id": ""
              }
            ],
            "tags": {},
            "tags_all": {},
            "vpc_id": "vpc-007c06c2f2f523575"
          }
        },
        {
          "address": "aws_route_table_association.public-subnet-rt-assoc",
          "mode": "managed",
          "type": "aws_route_table_association",
          "name": "public-subnet-rt-assoc",
          "provider_name": "registry.terraform.io/hashicorp/aws",
          "schema_version": 0,
          "values": {
            "gateway_id": "",
            "id": "rtbassoc-0f5622dd46e8b169f",
            "route_table_id": "rtb-06f18d000928bcc88",
            "subnet_id": "subnet-07614a49d99510f6b"
          }
        },
        {
          "address": "aws_security_group.sg",
          "mode": "managed",
          "type": "aws_security_group",
          "name": "sg",
          "provider_name": "registry.terraform.io/hashicorp/aws",
          "schema_version": 1,
          "values": {
            "arn": "arn:aws:ec2:us-east-1:111111111111:security-group/sg-0b0be5a08a68fc351",
            "description": "Managed by Terraform",
            "egress": [
              {
                "cidr_blocks": [
                  "0.0.0.0/0"
                ],
                "description": null,
                "from_port": 0,
                "ipv6_cidr_blocks": null,
                "prefix_list_ids": null,
                "protocol": "-1",
                "security_groups": null,
                "self": null,
                "to_port": 0
              }
            ],
            "id": "sg-0b0be5a08a68fc351",
            "ingress": [
              {
                "cidr_blocks": [
                  "0.0.0.0/0"
                ],
                "description": "mysql",
                "from_port": 0,
                "ipv6_cidr_blocks": null,
                "prefix_list_ids": null,
                "protocol": "tcp",
                "security_groups": null,
                "self": null,
                "to_port": 0
              }
            ],
            "name": "sg",
            "name_prefix": "",
            "owner_id": "111111111111",
            "revoke_rules_on_delete": false,
            "tags": {},
            "tags_all": {},
            "timeouts": null,
            "vpc_id": "vpc-007c06c2f2f523575"
          }
        },
        {
          "address": "aws_subnet.public-subnet",
          "mode": "managed",
          "type": "aws_subnet",
          "name": "public-subnet",
          "provider_name": "registry.terraform.io/hashicorp/aws",
          "schema_version": 1,
          "values": {
            "arn": "arn:aws:ec2:us-east-1:111111111111:subnet/subnet-07614a49d99510f6b",
            "assign_ipv6_address_on_creation": false,
            "availability_zone": "us-east-1a",
            "availability_zone_id": "use1-az1",
            "cidr_block": "192.168.10.0/24",
            "customer_owned_ipv4_pool": "",
            "id": "subnet-07614a49d99510f6b",
            "ipv6_cidr_block": "",
            "ipv6_cidr_block_association_id": "",
            "map_customer_owned_ip_on_launch": false,
            "map_public_ip_on_launch": false,
            "outpost_arn": "",
            "owner_id": "111111111111",
            "tags": {
              "Name": "Cloudrail Subnet Test for Tagging"
            },
            "tags_all": {
              "Name": "Cloudrail Subnet Test for Tagging"
            },
            "timeouts": null,
            "vpc_id": "vpc-007c06c2f2f523575"
          }
        },
        {
          "address": "aws_vpc.test-vpc",
          "mode": "managed",
          "type": "aws_vpc",
          "name": "test-vpc",
          "provider_name": "registry.terraform.io/hashicorp/aws",
          "schema_version": 1,
          "values": {
            "arn": "arn:aws:ec2:us-east-1:111111111111:vpc/vpc-007c06c2f2f523575",
            "assign_generated_ipv6_cidr_block": false,
            "cidr_block": "192.168.10.0/24",
            "default_network_acl_id": "acl-065b39eb1c2d6ffd3",
            "default_route_table_id": "rtb-09dc9b6e1f9aa1600",
            "default_security_group_id": "sg-0cf40838d4e86b1a3",
            "dhcp_options_id": "dopt-3045214a",
            "enable_classiclink": false,
            "enable_classiclink_dns_support": false,
            "enable_dns_hostnames": false,
            "enable_dns_support": true,
            "id": "vpc-007c06c2f2f523575",
            "instance_tenancy": "default",
            "ipv6_association_id": "",
            "ipv6_cidr_block": "",
            "main_route_table_id": "rtb-09dc9b6e1f9aa1600",
            "owner_id": "111111111111",
            "tags": {},
            "tags_all": {}
          }
        },
        {
          "address": "data.aws_ecs_container_definition.container-definition",
          "mode": "data",
          "type": "aws_ecs_container_definition",
          "name": "container-definition",
          "provider_name": "registry.terraform.io/hashicorp/aws",
          "schema_version": 0,
          "values": {
            "container_name": "apache-web-server",
            "task_definition": "web-server-task"
          }
        },
        {
          "address": "data.aws_ecs_container_definition.web-server-container",
          "mode": "data",
          "type": "aws_ecs_container_definition",
          "name": "web-server-container",
          "provider_name": "registry.terraform.io/hashicorp/aws",
          "schema_version": 0,
          "values": {
            "container_name": "apache-web-server",
            "task_definition": "web-server-task"
          }
        }
      ]
    }
  },
  "resource_changes": [
    {
      "address": "aws_ecs_cluster.ecs-cluster",
      "mode": "managed",
      "type": "aws_ecs_cluster",
      "name": "ecs-cluster",
      "provider_name": "registry.terraform.io/hashicorp/aws",
      "change": {
        "actions": [
          "update"
        ],
        "before": {
          "arn": "arn:aws:ecs:us-east-1:111111111111:cluster/ecs-cluster",
          "capacity_providers": [],
          "configuration": [],
          "default_capacity_provider_strategy": [],
          "id": "arn:aws:ecs:us-east-1:111111111111:cluster/ecs-cluster",
          "name": "ecs-cluster",
          "setting": [
            {
              "name": "containerInsights",
              "value": "disabled"
            }
          ],
          "tags": {
            "Env": "Cloudrail",
            "Name": "ecs-cluster-test"
          },
          "tags_all": {
            "Env": "Cloudrail",
            "Name": "ecs-cluster-test"
          }
        },
        "after": {
          "arn": "arn:aws:ecs:us-east-1:111111111111:cluster/ecs-cluster",
          "capacity_providers": [],
          "configuration": [],
          "default_capacity_provider_strategy": [],
          "id": "arn:aws:ecs:us-east-1:111111111111:cluster/ecs-cluster",
          "name": "ecs-cluster",
          "setting": [],
          "tags": {
            "Env": "Cloudrail",
            "Name": "ecs-cluster-test"
          },
          "tags_all": {
            "Env": "Cloudrail",
            "Name": "ecs-cluster-test"
          }
        },
        "after_unknown": {},
        "before_sensitive": {
          "capacity_providers": [],
          "configuration": [],
          "default_capacity_provider_strategy": [],
          "setting": [
            {}
          ],
          "tags": {},
          "tags_all": {}
        },
        "after_sensitive": {
          "capacity_providers": [],
          "configuration": [],
          "default_capacity_provider_strategy": [],
          "setting": [],
          "tags": {},
          "tags_all": {}
        }
      }
    },
    {
      "address": "aws_ecs_service.web-server-service",
      "mode": "managed",
      "type": "aws_ecs_service",
      "name": "web-server-service",
      "provider_name": "registry.terraform.io/hashicorp/aws",
      "change": {
        "actions": [
          "update"
        ],
        "before": {
          "capacity_provider_strategy": [],
          "cluster": "arn:aws:ecs:us-east-1:111111111111:cluster/ecs-cluster",
          "deployment_circuit_breaker": [
            {
              "enable": false,
              "rollback": false
            }
          ],
          "deployment_controller": [
            {
              "type": "ECS"
            }
          ],
          "deployment_maximum_percent": 200,
          "deployment_minimum_healthy_percent": 100,
          "desired_count": 1,
          "enable_ecs_managed_tags": false,
          "enable_execute_command": false,
          "force_new_deployment": null,
          "health_check_grace_period_seconds": 0,
          "iam_role": "aws-service-role",
          "id": "arn:aws:ecs:us-east-1:111111111111:service/ecs-cluster/web-server-service",
          "launch_type": "FARGATE",
          "load_balancer": [
            {
              "container_name": "apache-web-server",
              "container_port": 80,
              "elb_name": "",
              "target_group_arn": "arn:aws:elasticloadbalancing:us-east-1:111111111111:targetgroup/elb-tg/6e6d8e670e665a4c"
            }
          ],
          "name": "web-server-service",
          "network_configuration": [
            {
              "assign_public_ip": true,
              "security_groups": [
                "sg-0b0be5a08a68fc351"
              ],
              "subnets": [
                "subnet-07614a49d99510f6b"
              ]
            }
          ],
          "ordered_placement_strategy": [],
          "placement_constraints": [],
          "platform_version": "LATEST",
          "propagate_tags": "NONE",
          "scheduling_strategy": "REPLICA",
          "service_registries": [],
          "tags": {
            "Env": "Cloudrail",
            "Name": "ecs-cluster-test"
          },
          "tags_all": {
            "Env": "Cloudrail",
            "Name": "ecs-cluster-test"
          },
          "task_definition": "arn:aws:ecs:us-east-1:111111111111:task-definition/web-server-task:44",
          "timeouts": null,
          "wait_for_steady_state": false
        },
        "after": {
          "capacity_provider_strategy": [],
          "cluster": "arn:aws:ecs:us-east-1:111111111111:cluster/ecs-cluster",
          "deployment_circuit_breaker": [],
          "deployment_controller": [],
          "deployment_maximum_percent": 200,
          "deployment_minimum_healthy_percent": 100,
          "desired_count": 1,
          "enable_ecs_managed_tags": false,
          "enable_execute_command": false,
          "force_new_deployment": null,
          "health_check_grace_period_seconds": 0,
          "iam_role": "aws-service-role",
          "id": "arn:aws:ecs:us-east-1:111111111111:service/ecs-cluster/web-server-service",
          "launch_type": "FARGATE",
          "load_balancer": [
            {
              "container_name": "apache-web-server",
              "container_port": 80,
              "elb_name": null,
              "target_group_arn": "arn:aws:elasticloadbalancing:us-east-1:111111111111:targetgroup/elb-tg/6e6d8e670e665a4c"
            }
          ],
          "name": "web-server-service",
          "network_configuration": [
            {
              "assign_public_ip": true,
              "security_groups": [
                "sg-0b0be5a08a68fc351"
              ],
              "subnets": [
                "subnet-07614a49d99510f6b"
              ]
            }
          ],
          "ordered_placement_strategy": [],
          "placement_constraints": [],
          "platform_version": "LATEST",
          "propagate_tags": "NONE",
          "scheduling_strategy": "REPLICA",
          "service_registries": [],
          "tags": {
            "Env": "Cloudrail",
            "Name": "ecs-cluster-test"
          },
          "tags_all": {
            "Env": "Cloudrail",
            "Name": "ecs-cluster-test"
          },
          "task_definition": "arn:aws:ecs:us-east-1:111111111111:task-definition/web-server-task:44",
          "timeouts": null,
          "wait_for_steady_state": false
        },
        "after_unknown": {},
        "before_sensitive": {
          "capacity_provider_strategy": [],
          "deployment_circuit_breaker": [
            {}
          ],
          "deployment_controller": [
            {}
          ],
          "load_balancer": [
            {}
          ],
          "network_configuration": [
            {
              "security_groups": [
                false
              ],
              "subnets": [
                false
              ]
            }
          ],
          "ordered_placement_strategy": [],
          "placement_constraints": [],
          "service_registries": [],
          "tags": {},
          "tags_all": {}
        },
        "after_sensitive": {
          "capacity_provider_strategy": [],
          "deployment_circuit_breaker": [],
          "deployment_controller": [],
          "load_balancer": [
            {}
          ],
          "network_configuration": [
            {
              "security_groups": [
                false
              ],
              "subnets": [
                false
              ]
            }
          ],
          "ordered_placement_strategy": [],
          "placement_constraints": [],
          "service_registries": [],
          "tags": {},
          "tags_all": {}
        }
      }
    },
    {
      "address": "aws_ecs_task_definition.web-server-task-definition",
      "mode": "managed",
      "type": "aws_ecs_task_definition",
      "name": "web-server-task-definition",
      "provider_name": "registry.terraform.io/hashicorp/aws",
      "change": {
        "actions": [
          "update"
        ],
        "before": {
          "arn": "arn:aws:ecs:us-east-1:111111111111:task-definition/web-server-task:44",
          "container_definitions": "[{\"cpu\":0,\"environment\":[],\"essential\":true,\"image\":\"167389268608.dkr.ecr.us-east-1.amazonaws.com/apache-web-server:latest\",\"mountPoints\":[],\"name\":\"apache-web-server\",\"portMappings\":[{\"containerPort\":80,\"hostPort\":80,\"protocol\":\"tcp\"}],\"volumesFrom\":[]}]",
          "cpu": "256",
          "ephemeral_storage": [],
          "execution_role_arn": "arn:aws:iam::111111111111:role/aws-service-role/elasticbeanstalk.amazonaws.com/AWSServiceRoleForElasticBeanstalk",
          "family": "web-server-task",
          "id": "web-server-task",
          "inference_accelerator": [],
          "ipc_mode": "",
          "memory": "512",
          "network_mode": "awsvpc",
          "pid_mode": "",
          "placement_constraints": [],
          "proxy_configuration": [],
          "requires_compatibilities": [
            "FARGATE"
          ],
          "revision": 44,
          "tags": {
            "Env": "Cloudrail",
            "Name": "ecs-cluster-test"
          },
          "tags_all": {
            "Env": "Cloudrail",
            "Name": "ecs-cluster-test"
          },
          "task_role_arn": "",
          "volume": []
        },
        "after": {
          "arn": "arn:aws:ecs:us-east-1:111111111111:task-definition/web-server-task:44",
          "container_definitions": "  [\n    {\n      \"name\": \"apache-web-server\",\n      \"image\": \"167389268608.dkr.ecr.us-east-1.amazonaws.com/apache-web-server:latest\",\n      \"essential\": true,\n      \"portMappings\": [\n        {\n          \"containerPort\": 80,\n          \"hostPort\": 80,\n          \"protocol\": \"tcp\"\n        }\n      ]\n    }\n  ]\n",
          "cpu": "256",
          "ephemeral_storage": [],
          "execution_role_arn": "arn:aws:iam::111111111111:role/aws-service-role/elasticbeanstalk.amazonaws.com/AWSServiceRoleForElasticBeanstalk",
          "family": "web-server-task",
          "id": "web-server-task",
          "inference_accelerator": [],
          "ipc_mode": "",
          "memory": "512",
          "network_mode": "awsvpc",
          "pid_mode": "",
          "placement_constraints": [],
          "proxy_configuration": [],
          "requires_compatibilities": [
            "FARGATE"
          ],
          "revision": 44,
          "tags": {
            "Env": "Cloudrail",
            "Name": "ecs-cluster-test"
          },
          "tags_all": {
            "Env": "Cloudrail",
            "Name": "ecs-cluster-test"
          },
          "task_role_arn": "",
          "volume": []
        },
        "after_unknown": {},
        "before_sensitive": {
          "ephemeral_storage": [],
          "inference_accelerator": [],
          "placement_constraints": [],
          "proxy_configuration": [],
          "requires_compatibilities": [
            false
          ],
          "tags": {},
          "tags_all": {},
          "volume": []
        },
        "after_sensitive": {
          "ephemeral_storage": [],
          "inference_accelerator": [],
          "placement_constraints": [],
          "proxy_configuration": [],
          "requires_compatibilities": [
            false
          ],
          "tags": {},
          "tags_all": {},
          "volume": []
        }
      }
    },
    {
      "address": "aws_iam_service_linked_role.ecs",
      "mode": "managed",
      "type": "aws_iam_service_linked_role",
      "name": "ecs",
      "provider_name": "registry.terraform.io/hashicorp/aws",
      "change": {
        "actions": [
          "no-op"
        ],
        "before": {
          "arn": "arn:aws:iam::111111111111:role/aws-service-role/elasticbeanstalk.amazonaws.com/AWSServiceRoleForElasticBeanstalk",
          "aws_service_name": "elasticbeanstalk.amazonaws.com",
          "create_date": "2021-06-29T09:37:26Z",
          "custom_suffix": "",
          "description": "",
          "id": "arn:aws:iam::111111111111:role/aws-service-role/elasticbeanstalk.amazonaws.com/AWSServiceRoleForElasticBeanstalk",
          "name": "AWSServiceRoleForElasticBeanstalk",
          "path": "/aws-service-role/elasticbeanstalk.amazonaws.com/",
          "unique_id": "AROARVZ4AQRH5I7CG3475"
        },
        "after": {
          "arn": "arn:aws:iam::111111111111:role/aws-service-role/elasticbeanstalk.amazonaws.com/AWSServiceRoleForElasticBeanstalk",
          "aws_service_name": "elasticbeanstalk.amazonaws.com",
          "create_date": "2021-06-29T09:37:26Z",
          "custom_suffix": "",
          "description": "",
          "id": "arn:aws:iam::111111111111:role/aws-service-role/elasticbeanstalk.amazonaws.com/AWSServiceRoleForElasticBeanstalk",
          "name": "AWSServiceRoleForElasticBeanstalk",
          "path": "/aws-service-role/elasticbeanstalk.amazonaws.com/",
          "unique_id": "AROARVZ4AQRH5I7CG3475"
        },
        "after_unknown": {},
        "before_sensitive": {},
        "after_sensitive": {}
      }
    },
    {
      "address": "aws_internet_gateway.igw",
      "mode": "managed",
      "type": "aws_internet_gateway",
      "name": "igw",
      "provider_name": "registry.terraform.io/hashicorp/aws",
      "change": {
        "actions": [
          "no-op"
        ],
        "before": {
          "arn": "arn:aws:ec2:us-east-1:111111111111:internet-gateway/igw-03ea1b598a6ea02c5",
          "id": "igw-03ea1b598a6ea02c5",
          "owner_id": "111111111111",
          "tags": {},
          "tags_all": {},
          "vpc_id": "vpc-007c06c2f2f523575"
        },
        "after": {
          "arn": "arn:aws:ec2:us-east-1:111111111111:internet-gateway/igw-03ea1b598a6ea02c5",
          "id": "igw-03ea1b598a6ea02c5",
          "owner_id": "111111111111",
          "tags": {},
          "tags_all": {},
          "vpc_id": "vpc-007c06c2f2f523575"
        },
        "after_unknown": {},
        "before_sensitive": {
          "tags": {},
          "tags_all": {}
        },
        "after_sensitive": {
          "tags": {},
          "tags_all": {}
        }
      }
    },
    {
      "address": "aws_lb.public-elb",
      "mode": "managed",
      "type": "aws_lb",
      "name": "public-elb",
      "provider_name": "registry.terraform.io/hashicorp/aws",
      "change": {
        "actions": [
          "update"
        ],
        "before": {
          "access_logs": [
            {
              "bucket": "",
              "enabled": false,
              "prefix": ""
            }
          ],
          "arn": "arn:aws:elasticloadbalancing:us-east-1:111111111111:loadbalancer/net/public-elb/894e63926e8b3c62",
          "arn_suffix": "net/public-elb/894e63926e8b3c62",
          "customer_owned_ipv4_pool": "",
          "dns_name": "public-elb-894e63926e8b3c62.elb.us-east-1.amazonaws.com",
          "drop_invalid_header_fields": null,
          "enable_cross_zone_load_balancing": false,
          "enable_deletion_protection": false,
          "enable_http2": null,
          "id": "arn:aws:elasticloadbalancing:us-east-1:111111111111:loadbalancer/net/public-elb/894e63926e8b3c62",
          "idle_timeout": null,
          "internal": false,
          "ip_address_type": "ipv4",
          "load_balancer_type": "network",
          "name": "public-elb",
          "name_prefix": null,
          "security_groups": [],
          "subnet_mapping": [
            {
              "allocation_id": "",
              "ipv6_address": "",
              "outpost_id": "",
              "private_ipv4_address": "",
              "subnet_id": "subnet-07614a49d99510f6b"
            }
          ],
          "subnets": [
            "subnet-07614a49d99510f6b"
          ],
          "tags": {},
          "tags_all": {},
          "timeouts": null,
          "vpc_id": "vpc-007c06c2f2f523575",
          "zone_id": "Z26RNL4JYFTOTI"
        },
        "after": {
          "access_logs": [],
          "arn": "arn:aws:elasticloadbalancing:us-east-1:111111111111:loadbalancer/net/public-elb/894e63926e8b3c62",
          "arn_suffix": "net/public-elb/894e63926e8b3c62",
          "customer_owned_ipv4_pool": "",
          "dns_name": "public-elb-894e63926e8b3c62.elb.us-east-1.amazonaws.com",
          "drop_invalid_header_fields": null,
          "enable_cross_zone_load_balancing": false,
          "enable_deletion_protection": false,
          "enable_http2": null,
          "id": "arn:aws:elasticloadbalancing:us-east-1:111111111111:loadbalancer/net/public-elb/894e63926e8b3c62",
          "idle_timeout": null,
          "internal": false,
          "ip_address_type": "ipv4",
          "load_balancer_type": "network",
          "name": "public-elb",
          "name_prefix": null,
          "security_groups": [],
          "subnet_mapping": [],
          "subnets": [
            "subnet-07614a49d99510f6b"
          ],
          "tags": {},
          "tags_all": {},
          "timeouts": null,
          "vpc_id": "vpc-007c06c2f2f523575",
          "zone_id": "Z26RNL4JYFTOTI"
        },
        "after_unknown": {},
        "before_sensitive": {
          "access_logs": [
            {}
          ],
          "security_groups": [],
          "subnet_mapping": [
            {}
          ],
          "subnets": [
            false
          ],
          "tags": {},
          "tags_all": {}
        },
        "after_sensitive": {
          "access_logs": [],
          "security_groups": [],
          "subnet_mapping": [],
          "subnets": [
            false
          ],
          "tags": {},
          "tags_all": {}
        }
      }
    },
    {
      "address": "aws_lb_listener.test",
      "mode": "managed",
      "type": "aws_lb_listener",
      "name": "test",
      "provider_name": "registry.terraform.io/hashicorp/aws",
      "change": {
        "actions": [
          "no-op"
        ],
        "before": {
          "alpn_policy": null,
          "arn": "arn:aws:elasticloadbalancing:us-east-1:111111111111:listener/net/public-elb/894e63926e8b3c62/f2d56c4c510ddbda",
          "certificate_arn": null,
          "default_action": [
            {
              "authenticate_cognito": [],
              "authenticate_oidc": [],
              "fixed_response": [],
              "forward": [],
              "order": 1,
              "redirect": [],
              "target_group_arn": "arn:aws:elasticloadbalancing:us-east-1:111111111111:targetgroup/elb-tg/6e6d8e670e665a4c",
              "type": "forward"
            }
          ],
          "id": "arn:aws:elasticloadbalancing:us-east-1:111111111111:listener/net/public-elb/894e63926e8b3c62/f2d56c4c510ddbda",
          "load_balancer_arn": "arn:aws:elasticloadbalancing:us-east-1:111111111111:loadbalancer/net/public-elb/894e63926e8b3c62",
          "port": 80,
          "protocol": "TCP",
          "ssl_policy": "",
          "tags": {},
          "tags_all": {},
          "timeouts": null
        },
        "after": {
          "alpn_policy": null,
          "arn": "arn:aws:elasticloadbalancing:us-east-1:111111111111:listener/net/public-elb/894e63926e8b3c62/f2d56c4c510ddbda",
          "certificate_arn": null,
          "default_action": [
            {
              "authenticate_cognito": [],
              "authenticate_oidc": [],
              "fixed_response": [],
              "forward": [],
              "order": 1,
              "redirect": [],
              "target_group_arn": "arn:aws:elasticloadbalancing:us-east-1:111111111111:targetgroup/elb-tg/6e6d8e670e665a4c",
              "type": "forward"
            }
          ],
          "id": "arn:aws:elasticloadbalancing:us-east-1:111111111111:listener/net/public-elb/894e63926e8b3c62/f2d56c4c510ddbda",
          "load_balancer_arn": "arn:aws:elasticloadbalancing:us-east-1:111111111111:loadbalancer/net/public-elb/894e63926e8b3c62",
          "port": 80,
          "protocol": "TCP",
          "ssl_policy": "",
          "tags": {},
          "tags_all": {},
          "timeouts": null
        },
        "after_unknown": {},
        "before_sensitive": {
          "default_action": [
            {
              "authenticate_cognito": [],
              "authenticate_oidc": [],
              "fixed_response": [],
              "forward": [],
              "redirect": []
            }
          ],
          "tags": {},
          "tags_all": {}
        },
        "after_sensitive": {
          "default_action": [
            {
              "authenticate_cognito": [],
              "authenticate_oidc": [],
              "fixed_response": [],
              "forward": [],
              "redirect": []
            }
          ],
          "tags": {},
          "tags_all": {}
        }
      }
    },
    {
      "address": "aws_lb_target_group.elb-tg",
      "mode": "managed",
      "type": "aws_lb_target_group",
      "name": "elb-tg",
      "provider_name": "registry.terraform.io/hashicorp/aws",
      "change": {
        "actions": [
          "update"
        ],
        "before": {
          "arn": "arn:aws:elasticloadbalancing:us-east-1:111111111111:targetgroup/elb-tg/6e6d8e670e665a4c",
          "arn_suffix": "targetgroup/elb-tg/6e6d8e670e665a4c",
          "deregistration_delay": 300,
          "health_check": [
            {
              "enabled": true,
              "healthy_threshold": 3,
              "interval": 10,
              "matcher": "",
              "path": "",
              "port": "80",
              "protocol": "TCP",
              "timeout": 10,
              "unhealthy_threshold": 3
            }
          ],
          "id": "arn:aws:elasticloadbalancing:us-east-1:111111111111:targetgroup/elb-tg/6e6d8e670e665a4c",
          "lambda_multi_value_headers_enabled": false,
          "load_balancing_algorithm_type": null,
          "name": "elb-tg",
          "name_prefix": null,
          "port": 80,
          "preserve_client_ip": "false",
          "protocol": "TCP",
          "protocol_version": null,
          "proxy_protocol_v2": false,
          "slow_start": 0,
          "stickiness": [
            {
              "cookie_duration": 0,
              "cookie_name": "",
              "enabled": false,
              "type": "source_ip"
            }
          ],
          "tags": {},
          "tags_all": {},
          "target_type": "ip",
          "vpc_id": "vpc-007c06c2f2f523575"
        },
        "after": {
          "arn": "arn:aws:elasticloadbalancing:us-east-1:111111111111:targetgroup/elb-tg/6e6d8e670e665a4c",
          "arn_suffix": "targetgroup/elb-tg/6e6d8e670e665a4c",
          "deregistration_delay": 300,
          "health_check": [
            {
              "enabled": null,
              "healthy_threshold": null,
              "interval": 10,
              "matcher": "",
              "path": "",
              "port": "80",
              "protocol": "TCP",
              "timeout": 10,
              "unhealthy_threshold": null
            }
          ],
          "id": "arn:aws:elasticloadbalancing:us-east-1:111111111111:targetgroup/elb-tg/6e6d8e670e665a4c",
          "lambda_multi_value_headers_enabled": false,
          "load_balancing_algorithm_type": null,
          "name": "elb-tg",
          "name_prefix": null,
          "port": 80,
          "preserve_client_ip": "false",
          "protocol": "TCP",
          "protocol_version": null,
          "proxy_protocol_v2": false,
          "slow_start": 0,
          "stickiness": [],
          "tags": {},
          "tags_all": {},
          "target_type": "ip",
          "vpc_id": "vpc-007c06c2f2f523575"
        },
        "after_unknown": {},
        "before_sensitive": {
          "health_check": [
            {}
          ],
          "stickiness": [
            {}
          ],
          "tags": {},
          "tags_all": {}
        },
        "after_sensitive": {
          "health_check": [
            {}
          ],
          "stickiness": [],
          "tags": {},
          "tags_all": {}
        }
      }
    },
    {
      "address": "aws_network_acl.public-nacl",
      "mode": "managed",
      "type": "aws_network_acl",
      "name": "public-nacl",
      "provider_name": "registry.terraform.io/hashicorp/aws",
      "change": {
        "actions": [
          "no-op"
        ],
        "before": {
          "arn": "arn:aws:ec2:us-east-1:111111111111:network-acl/acl-00662a1c9147e9b46",
          "egress": [
            {
              "action": "allow",
              "cidr_block": "0.0.0.0/0",
              "from_port": 0,
              "icmp_code": 0,
              "icmp_type": 0,
              "ipv6_cidr_block": "",
              "protocol": "-1",
              "rule_no": 100,
              "to_port": 0
            }
          ],
          "id": "acl-00662a1c9147e9b46",
          "ingress": [
            {
              "action": "allow",
              "cidr_block": "0.0.0.0/0",
              "from_port": 0,
              "icmp_code": 0,
              "icmp_type": 0,
              "ipv6_cidr_block": "",
              "protocol": "6",
              "rule_no": 100,
              "to_port": 0
            }
          ],
          "owner_id": "111111111111",
          "subnet_ids": [
            "subnet-07614a49d99510f6b"
          ],
          "tags": {},
          "tags_all": {},
          "vpc_id": "vpc-007c06c2f2f523575"
        },
        "after": {
          "arn": "arn:aws:ec2:us-east-1:111111111111:network-acl/acl-00662a1c9147e9b46",
          "egress": [
            {
              "action": "allow",
              "cidr_block": "0.0.0.0/0",
              "from_port": 0,
              "icmp_code": 0,
              "icmp_type": 0,
              "ipv6_cidr_block": "",
              "protocol": "-1",
              "rule_no": 100,
              "to_port": 0
            }
          ],
          "id": "acl-00662a1c9147e9b46",
          "ingress": [
            {
              "action": "allow",
              "cidr_block": "0.0.0.0/0",
              "from_port": 0,
              "icmp_code": 0,
              "icmp_type": 0,
              "ipv6_cidr_block": "",
              "protocol": "6",
              "rule_no": 100,
              "to_port": 0
            }
          ],
          "owner_id": "111111111111",
          "subnet_ids": [
            "subnet-07614a49d99510f6b"
          ],
          "tags": {},
          "tags_all": {},
          "vpc_id": "vpc-007c06c2f2f523575"
        },
        "after_unknown": {},
        "before_sensitive": {
          "egress": [
            {}
          ],
          "ingress": [
            {}
          ],
          "subnet_ids": [
            false
          ],
          "tags": {},
          "tags_all": {}
        },
        "after_sensitive": {
          "egress": [
            {}
          ],
          "ingress": [
            {}
          ],
          "subnet_ids": [
            false
          ],
          "tags": {},
          "tags_all": {}
        }
      }
    },
    {
      "address": "aws_network_acl_rule.inbound-rule",
      "mode": "managed",
      "type": "aws_network_acl_rule",
      "name": "inbound-rule",
      "provider_name": "registry.terraform.io/hashicorp/aws",
      "change": {
        "actions": [
          "no-op"
        ],
        "before": {
          "cidr_block": "0.0.0.0/0",
          "egress": false,
          "from_port": 0,
          "icmp_code": null,
          "icmp_type": null,
          "id": "nacl-3668553095",
          "ipv6_cidr_block": "",
          "network_acl_id": "acl-00662a1c9147e9b46",
          "protocol": "tcp",
          "rule_action": "allow",
          "rule_number": 100,
          "to_port": 0
        },
        "after": {
          "cidr_block": "0.0.0.0/0",
          "egress": false,
          "from_port": 0,
          "icmp_code": null,
          "icmp_type": null,
          "id": "nacl-3668553095",
          "ipv6_cidr_block": "",
          "network_acl_id": "acl-00662a1c9147e9b46",
          "protocol": "tcp",
          "rule_action": "allow",
          "rule_number": 100,
          "to_port": 0
        },
        "after_unknown": {},
        "before_sensitive": {},
        "after_sensitive": {}
      }
    },
    {
      "address": "aws_network_acl_rule.outbound-rule",
      "mode": "managed",
      "type": "aws_network_acl_rule",
      "name": "outbound-rule",
      "provider_name": "registry.terraform.io/hashicorp/aws",
      "change": {
        "actions": [
          "update"
        ],
        "before": {
          "cidr_block": "0.0.0.0/0",
          "egress": true,
          "from_port": 0,
          "icmp_code": null,
          "icmp_type": null,
          "id": "nacl-2643428381",
          "ipv6_cidr_block": "",
          "network_acl_id": "acl-00662a1c9147e9b46",
          "protocol": "all",
          "rule_action": "allow",
          "rule_number": 100,
          "to_port": 0
        },
        "after": {
          "cidr_block": "0.0.0.0/0",
          "egress": true,
          "from_port": 0,
          "icmp_code": null,
          "icmp_type": null,
          "id": "nacl-2643428381",
          "ipv6_cidr_block": "",
          "network_acl_id": "acl-00662a1c9147e9b46",
          "protocol": "-1",
          "rule_action": "allow",
          "rule_number": 100,
          "to_port": 0
        },
        "after_unknown": {},
        "before_sensitive": {},
        "after_sensitive": {}
      }
    },
    {
      "address": "aws_route.igw-route",
      "mode": "managed",
      "type": "aws_route",
      "name": "igw-route",
      "provider_name": "registry.terraform.io/hashicorp/aws",
      "change": {
        "actions": [
          "no-op"
        ],
        "before": {
          "carrier_gateway_id": "",
          "destination_cidr_block": "0.0.0.0/0",
          "destination_ipv6_cidr_block": "",
          "destination_prefix_list_id": "",
          "egress_only_gateway_id": "",
          "gateway_id": "igw-03ea1b598a6ea02c5",
          "id": "r-rtb-06f18d000928bcc881080289494",
          "instance_id": "",
          "instance_owner_id": "",
          "local_gateway_id": "",
          "nat_gateway_id": "",
          "network_interface_id": "",
          "origin": "CreateRoute",
          "route_table_id": "rtb-06f18d000928bcc88",
          "state": "active",
          "timeouts": null,
          "transit_gateway_id": "",
          "vpc_endpoint_id": "",
          "vpc_peering_connection_id": ""
        },
        "after": {
          "carrier_gateway_id": "",
          "destination_cidr_block": "0.0.0.0/0",
          "destination_ipv6_cidr_block": "",
          "destination_prefix_list_id": "",
          "egress_only_gateway_id": "",
          "gateway_id": "igw-03ea1b598a6ea02c5",
          "id": "r-rtb-06f18d000928bcc881080289494",
          "instance_id": "",
          "instance_owner_id": "",
          "local_gateway_id": "",
          "nat_gateway_id": "",
          "network_interface_id": "",
          "origin": "CreateRoute",
          "route_table_id": "rtb-06f18d000928bcc88",
          "state": "active",
          "timeouts": null,
          "transit_gateway_id": "",
          "vpc_endpoint_id": "",
          "vpc_peering_connection_id": ""
        },
        "after_unknown": {},
        "before_sensitive": {},
        "after_sensitive": {}
      }
    },
    {
      "address": "aws_route_table.public-subnet-rt",
      "mode": "managed",
      "type": "aws_route_table",
      "name": "public-subnet-rt",
      "provider_name": "registry.terraform.io/hashicorp/aws",
      "change": {
        "actions": [
          "no-op"
        ],
        "before": {
          "arn": "arn:aws:ec2:us-east-1:111111111111:route-table/rtb-06f18d000928bcc88",
          "id": "rtb-06f18d000928bcc88",
          "owner_id": "111111111111",
          "propagating_vgws": [],
          "route": [
            {
              "carrier_gateway_id": "",
              "cidr_block": "0.0.0.0/0",
              "destination_prefix_list_id": "",
              "egress_only_gateway_id": "",
              "gateway_id": "igw-03ea1b598a6ea02c5",
              "instance_id": "",
              "ipv6_cidr_block": "",
              "local_gateway_id": "",
              "nat_gateway_id": "",
              "network_interface_id": "",
              "transit_gateway_id": "",
              "vpc_endpoint_id": "",
              "vpc_peering_connection_id": ""
            }
          ],
          "tags": {},
          "tags_all": {},
          "vpc_id": "vpc-007c06c2f2f523575"
        },
        "after": {
          "arn": "arn:aws:ec2:us-east-1:111111111111:route-table/rtb-06f18d000928bcc88",
          "id": "rtb-06f18d000928bcc88",
          "owner_id": "111111111111",
          "propagating_vgws": [],
          "route": [
            {
              "carrier_gateway_id": "",
              "cidr_block": "0.0.0.0/0",
              "destination_prefix_list_id": "",
              "egress_only_gateway_id": "",
              "gateway_id": "igw-03ea1b598a6ea02c5",
              "instance_id": "",
              "ipv6_cidr_block": "",
              "local_gateway_id": "",
              "nat_gateway_id": "",
              "network_interface_id": "",
              "transit_gateway_id": "",
              "vpc_endpoint_id": "",
              "vpc_peering_connection_id": ""
            }
          ],
          "tags": {},
          "tags_all": {},
          "vpc_id": "vpc-007c06c2f2f523575"
        },
        "after_unknown": {},
        "before_sensitive": {
          "propagating_vgws": [],
          "route": [
            {}
          ],
          "tags": {},
          "tags_all": {}
        },
        "after_sensitive": {
          "propagating_vgws": [],
          "route": [
            {}
          ],
          "tags": {},
          "tags_all": {}
        }
      }
    },
    {
      "address": "aws_route_table_association.public-subnet-rt-assoc",
      "mode": "managed",
      "type": "aws_route_table_association",
      "name": "public-subnet-rt-assoc",
      "provider_name": "registry.terraform.io/hashicorp/aws",
      "change": {
        "actions": [
          "no-op"
        ],
        "before": {
          "gateway_id": "",
          "id": "rtbassoc-0f5622dd46e8b169f",
          "route_table_id": "rtb-06f18d000928bcc88",
          "subnet_id": "subnet-07614a49d99510f6b"
        },
        "after": {
          "gateway_id": "",
          "id": "rtbassoc-0f5622dd46e8b169f",
          "route_table_id": "rtb-06f18d000928bcc88",
          "subnet_id": "subnet-07614a49d99510f6b"
        },
        "after_unknown": {},
        "before_sensitive": {},
        "after_sensitive": {}
      }
    },
    {
      "address": "aws_security_group.sg",
      "mode": "managed",
      "type": "aws_security_group",
      "name": "sg",
      "provider_name": "registry.terraform.io/hashicorp/aws",
      "change": {
        "actions": [
          "update"
        ],
        "before": {
          "arn": "arn:aws:ec2:us-east-1:111111111111:security-group/sg-0b0be5a08a68fc351",
          "description": "Managed by Terraform",
          "egress": [
            {
              "cidr_blocks": [
                "0.0.0.0/0"
              ],
              "description": "",
              "from_port": 0,
              "ipv6_cidr_blocks": [],
              "prefix_list_ids": [],
              "protocol": "-1",
              "security_groups": [],
              "self": false,
              "to_port": 0
            }
          ],
          "id": "sg-0b0be5a08a68fc351",
          "ingress": [
            {
              "cidr_blocks": [
                "0.0.0.0/0"
              ],
              "description": "mysql",
              "from_port": 0,
              "ipv6_cidr_blocks": [],
              "prefix_list_ids": [],
              "protocol": "tcp",
              "security_groups": [],
              "self": false,
              "to_port": 0
            }
          ],
          "name": "sg",
          "name_prefix": "",
          "owner_id": "111111111111",
          "revoke_rules_on_delete": false,
          "tags": {},
          "tags_all": {},
          "timeouts": null,
          "vpc_id": "vpc-007c06c2f2f523575"
        },
        "after": {
          "arn": "arn:aws:ec2:us-east-1:111111111111:security-group/sg-0b0be5a08a68fc351",
          "description": "Managed by Terraform",
          "egress": [
            {
              "cidr_blocks": [
                "0.0.0.0/0"
              ],
              "description": null,
              "from_port": 0,
              "ipv6_cidr_blocks": null,
              "prefix_list_ids": null,
              "protocol": "-1",
              "security_groups": null,
              "self": null,
              "to_port": 0
            }
          ],
          "id": "sg-0b0be5a08a68fc351",
          "ingress": [
            {
              "cidr_blocks": [
                "0.0.0.0/0"
              ],
              "description": "mysql",
              "from_port": 0,
              "ipv6_cidr_blocks": null,
              "prefix_list_ids": null,
              "protocol": "tcp",
              "security_groups": null,
              "self": null,
              "to_port": 0
            }
          ],
          "name": "sg",
          "name_prefix": "",
          "owner_id": "111111111111",
          "revoke_rules_on_delete": false,
          "tags": {},
          "tags_all": {},
          "timeouts": null,
          "vpc_id": "vpc-007c06c2f2f523575"
        },
        "after_unknown": {},
        "before_sensitive": {
          "egress": [
            {
              "cidr_blocks": [
                false
              ],
              "ipv6_cidr_blocks": [],
              "prefix_list_ids": [],
              "security_groups": []
            }
          ],
          "ingress": [
            {
              "cidr_blocks": [
                false
              ],
              "ipv6_cidr_blocks": [],
              "prefix_list_ids": [],
              "security_groups": []
            }
          ],
          "tags": {},
          "tags_all": {}
        },
        "after_sensitive": {
          "egress": [
            {
              "cidr_blocks": [
                false
              ]
            }
          ],
          "ingress": [
            {
              "cidr_blocks": [
                false
              ]
            }
          ],
          "tags": {},
          "tags_all": {}
        }
      }
    },
    {
      "address": "aws_subnet.public-subnet",
      "mode": "managed",
      "type": "aws_subnet",
      "name": "public-subnet",
      "provider_name": "registry.terraform.io/hashicorp/aws",
      "change": {
        "actions": [
          "no-op"
        ],
        "before": {
          "arn": "arn:aws:ec2:us-east-1:111111111111:subnet/subnet-07614a49d99510f6b",
          "assign_ipv6_address_on_creation": false,
          "availability_zone": "us-east-1a",
          "availability_zone_id": "use1-az1",
          "cidr_block": "192.168.10.0/24",
          "customer_owned_ipv4_pool": "",
          "id": "subnet-07614a49d99510f6b",
          "ipv6_cidr_block": "",
          "ipv6_cidr_block_association_id": "",
          "map_customer_owned_ip_on_launch": false,
          "map_public_ip_on_launch": false,
          "outpost_arn": "",
          "owner_id": "111111111111",
          "tags": {
            "Name": "Cloudrail Subnet Test for Tagging"
          },
          "tags_all": {
            "Name": "Cloudrail Subnet Test for Tagging"
          },
          "timeouts": null,
          "vpc_id": "vpc-007c06c2f2f523575"
        },
        "after": {
          "arn": "arn:aws:ec2:us-east-1:111111111111:subnet/subnet-07614a49d99510f6b",
          "assign_ipv6_address_on_creation": false,
          "availability_zone": "us-east-1a",
          "availability_zone_id": "use1-az1",
          "cidr_block": "192.168.10.0/24",
          "customer_owned_ipv4_pool": "",
          "id": "subnet-07614a49d99510f6b",
          "ipv6_cidr_block": "",
          "ipv6_cidr_block_association_id": "",
          "map_customer_owned_ip_on_launch": false,
          "map_public_ip_on_launch": false,
          "outpost_arn": "",
          "owner_id": "111111111111",
          "tags": {
            "Name": "Cloudrail Subnet Test for Tagging"
          },
          "tags_all": {
            "Name": "Cloudrail Subnet Test for Tagging"
          },
          "timeouts": null,
          "vpc_id": "vpc-007c06c2f2f523575"
        },
        "after_unknown": {},
        "before_sensitive": {
          "tags": {},
          "tags_all": {}
        },
        "after_sensitive": {
          "tags": {},
          "tags_all": {}
        }
      }
    },
    {
      "address": "aws_vpc.test-vpc",
      "mode": "managed",
      "type": "aws_vpc",
      "name": "test-vpc",
      "provider_name": "registry.terraform.io/hashicorp/aws",
      "change": {
        "actions": [
          "no-op"
        ],
        "before": {
          "arn": "arn:aws:ec2:us-east-1:111111111111:vpc/vpc-007c06c2f2f523575",
          "assign_generated_ipv6_cidr_block": false,
          "cidr_block": "192.168.10.0/24",
          "default_network_acl_id": "acl-065b39eb1c2d6ffd3",
          "default_route_table_id": "rtb-09dc9b6e1f9aa1600",
          "default_security_group_id": "sg-0cf40838d4e86b1a3",
          "dhcp_options_id": "dopt-3045214a",
          "enable_classiclink": false,
          "enable_classiclink_dns_support": false,
          "enable_dns_hostnames": false,
          "enable_dns_support": true,
          "id": "vpc-007c06c2f2f523575",
          "instance_tenancy": "default",
          "ipv6_association_id": "",
          "ipv6_cidr_block": "",
          "main_route_table_id": "rtb-09dc9b6e1f9aa1600",
          "owner_id": "111111111111",
          "tags": {},
          "tags_all": {}
        },
        "after": {
          "arn": "arn:aws:ec2:us-east-1:111111111111:vpc/vpc-007c06c2f2f523575",
          "assign_generated_ipv6_cidr_block": false,
          "cidr_block": "192.168.10.0/24",
          "default_network_acl_id": "acl-065b39eb1c2d6ffd3",
          "default_route_table_id": "rtb-09dc9b6e1f9aa1600",
          "default_security_group_id": "sg-0cf40838d4e86b1a3",
          "dhcp_options_id": "dopt-3045214a",
          "enable_classiclink": false,
          "enable_classiclink_dns_support": false,
          "enable_dns_hostnames": false,
          "enable_dns_support": true,
          "id": "vpc-007c06c2f2f523575",
          "instance_tenancy": "default",
          "ipv6_association_id": "",
          "ipv6_cidr_block": "",
          "main_route_table_id": "rtb-09dc9b6e1f9aa1600",
          "owner_id": "111111111111",
          "tags": {},
          "tags_all": {}
        },
        "after_unknown": {},
        "before_sensitive": {
          "tags": {},
          "tags_all": {}
        },
        "after_sensitive": {
          "tags": {},
          "tags_all": {}
        }
      }
    },
    {
      "address": "data.aws_ecs_container_definition.container-definition",
      "mode": "data",
      "type": "aws_ecs_container_definition",
      "name": "container-definition",
      "provider_name": "registry.terraform.io/hashicorp/aws",
      "change": {
        "actions": [
          "read"
        ],
        "before": {
          "container_name": "apache-web-server",
          "cpu": 0,
          "disable_networking": false,
          "docker_labels": {},
          "environment": {},
          "id": "arn:aws:ecs:us-east-1:111111111111:task-definition/web-server-task:44/apache-web-server",
          "image": "167389268608.dkr.ecr.us-east-1.amazonaws.com/apache-web-server:latest",
          "image_digest": "latest",
          "memory": 0,
          "memory_reservation": 0,
          "task_definition": "web-server-task"
        },
        "after": {
          "container_name": "apache-web-server",
          "task_definition": "web-server-task"
        },
        "after_unknown": {
          "cpu": true,
          "disable_networking": true,
          "docker_labels": true,
          "environment": true,
          "id": true,
          "image": true,
          "image_digest": true,
          "memory": true,
          "memory_reservation": true
        },
        "before_sensitive": {
          "docker_labels": {},
          "environment": {}
        },
        "after_sensitive": {
          "docker_labels": {},
          "environment": {}
        }
      }
    },
    {
      "address": "data.aws_ecs_container_definition.web-server-container",
      "mode": "data",
      "type": "aws_ecs_container_definition",
      "name": "web-server-container",
      "provider_name": "registry.terraform.io/hashicorp/aws",
      "change": {
        "actions": [
          "read"
        ],
        "before": {
          "container_name": "apache-web-server",
          "cpu": 0,
          "disable_networking": false,
          "docker_labels": {},
          "environment": {},
          "id": "arn:aws:ecs:us-east-1:111111111111:task-definition/web-server-task:44/apache-web-server",
          "image": "167389268608.dkr.ecr.us-east-1.amazonaws.com/apache-web-server:latest",
          "image_digest": "latest",
          "memory": 0,
          "memory_reservation": 0,
          "task_definition": "web-server-task"
        },
        "after": {
          "container_name": "apache-web-server",
          "task_definition": "web-server-task"
        },
        "after_unknown": {
          "cpu": true,
          "disable_networking": true,
          "docker_labels": true,
          "environment": true,
          "id": true,
          "image": true,
          "image_digest": true,
          "memory": true,
          "memory_reservation": true
        },
        "before_sensitive": {
          "docker_labels": {},
          "environment": {}
        },
        "after_sensitive": {
          "docker_labels": {},
          "environment": {}
        }
      }
    }
  ],
  "prior_state": {
    "format_version": "0.1",
    "terraform_version": "1.0.0",
    "values": {
      "root_module": {
        "resources": [
          {
            "address": "aws_ecs_cluster.ecs-cluster",
            "mode": "managed",
            "type": "aws_ecs_cluster",
            "name": "ecs-cluster",
            "provider_name": "registry.terraform.io/hashicorp/aws",
            "schema_version": 0,
            "values": {
              "arn": "arn:aws:ecs:us-east-1:111111111111:cluster/ecs-cluster",
              "capacity_providers": [],
              "configuration": [],
              "default_capacity_provider_strategy": [],
              "id": "arn:aws:ecs:us-east-1:111111111111:cluster/ecs-cluster",
              "name": "ecs-cluster",
              "setting": [
                {
                  "name": "containerInsights",
                  "value": "disabled"
                }
              ],
              "tags": {
                "Env": "Cloudrail",
                "Name": "ecs-cluster-test"
              },
              "tags_all": {
                "Env": "Cloudrail",
                "Name": "ecs-cluster-test"
              }
            }
          },
          {
            "address": "aws_ecs_service.web-server-service",
            "mode": "managed",
            "type": "aws_ecs_service",
            "name": "web-server-service",
            "provider_name": "registry.terraform.io/hashicorp/aws",
            "schema_version": 0,
            "values": {
              "capacity_provider_strategy": [],
              "cluster": "arn:aws:ecs:us-east-1:111111111111:cluster/ecs-cluster",
              "deployment_circuit_breaker": [
                {
                  "enable": false,
                  "rollback": false
                }
              ],
              "deployment_controller": [
                {
                  "type": "ECS"
                }
              ],
              "deployment_maximum_percent": 200,
              "deployment_minimum_healthy_percent": 100,
              "desired_count": 1,
              "enable_ecs_managed_tags": false,
              "enable_execute_command": false,
              "force_new_deployment": null,
              "health_check_grace_period_seconds": 0,
              "iam_role": "aws-service-role",
              "id": "arn:aws:ecs:us-east-1:111111111111:service/ecs-cluster/web-server-service",
              "launch_type": "FARGATE",
              "load_balancer": [
                {
                  "container_name": "apache-web-server",
                  "container_port": 80,
                  "elb_name": "",
                  "target_group_arn": "arn:aws:elasticloadbalancing:us-east-1:111111111111:targetgroup/elb-tg/6e6d8e670e665a4c"
                }
              ],
              "name": "web-server-service",
              "network_configuration": [
                {
                  "assign_public_ip": true,
                  "security_groups": [
                    "sg-0b0be5a08a68fc351"
                  ],
                  "subnets": [
                    "subnet-07614a49d99510f6b"
                  ]
                }
              ],
              "ordered_placement_strategy": [],
              "placement_constraints": [],
              "platform_version": "LATEST",
              "propagate_tags": "NONE",
              "scheduling_strategy": "REPLICA",
              "service_registries": [],
              "tags": {
                "Env": "Cloudrail",
                "Name": "ecs-cluster-test"
              },
              "tags_all": {
                "Env": "Cloudrail",
                "Name": "ecs-cluster-test"
              },
              "task_definition": "arn:aws:ecs:us-east-1:111111111111:task-definition/web-server-task:44",
              "timeouts": null,
              "wait_for_steady_state": false
            },
            "depends_on": [
              "aws_iam_service_linked_role.ecs",
              "aws_lb.public-elb",
              "aws_lb_target_group.elb-tg",
              "aws_vpc.test-vpc",
              "aws_ecs_cluster.ecs-cluster",
              "aws_ecs_task_definition.web-server-task-definition",
              "aws_security_group.sg",
              "aws_subnet.public-subnet",
              "data.aws_ecs_container_definition.web-server-container"
            ]
          },
          {
            "address": "aws_ecs_task_definition.web-server-task-definition",
            "mode": "managed",
            "type": "aws_ecs_task_definition",
            "name": "web-server-task-definition",
            "provider_name": "registry.terraform.io/hashicorp/aws",
            "schema_version": 1,
            "values": {
              "arn": "arn:aws:ecs:us-east-1:111111111111:task-definition/web-server-task:44",
              "container_definitions": "[{\"cpu\":0,\"environment\":[],\"essential\":true,\"image\":\"167389268608.dkr.ecr.us-east-1.amazonaws.com/apache-web-server:latest\",\"mountPoints\":[],\"name\":\"apache-web-server\",\"portMappings\":[{\"containerPort\":80,\"hostPort\":80,\"protocol\":\"tcp\"}],\"volumesFrom\":[]}]",
              "cpu": "256",
              "ephemeral_storage": [],
              "execution_role_arn": "arn:aws:iam::111111111111:role/aws-service-role/elasticbeanstalk.amazonaws.com/AWSServiceRoleForElasticBeanstalk",
              "family": "web-server-task",
              "id": "web-server-task",
              "inference_accelerator": [],
              "ipc_mode": "",
              "memory": "512",
              "network_mode": "awsvpc",
              "pid_mode": "",
              "placement_constraints": [],
              "proxy_configuration": [],
              "requires_compatibilities": [
                "FARGATE"
              ],
              "revision": 44,
              "tags": {
                "Env": "Cloudrail",
                "Name": "ecs-cluster-test"
              },
              "tags_all": {
                "Env": "Cloudrail",
                "Name": "ecs-cluster-test"
              },
              "task_role_arn": "",
              "volume": []
            },
            "depends_on": [
              "aws_iam_service_linked_role.ecs"
            ]
          },
          {
            "address": "aws_iam_service_linked_role.ecs",
            "mode": "managed",
            "type": "aws_iam_service_linked_role",
            "name": "ecs",
            "provider_name": "registry.terraform.io/hashicorp/aws",
            "schema_version": 0,
            "values": {
              "arn": "arn:aws:iam::111111111111:role/aws-service-role/elasticbeanstalk.amazonaws.com/AWSServiceRoleForElasticBeanstalk",
              "aws_service_name": "elasticbeanstalk.amazonaws.com",
              "create_date": "2021-06-29T09:37:26Z",
              "custom_suffix": "",
              "description": "",
              "id": "arn:aws:iam::111111111111:role/aws-service-role/elasticbeanstalk.amazonaws.com/AWSServiceRoleForElasticBeanstalk",
              "name": "AWSServiceRoleForElasticBeanstalk",
              "path": "/aws-service-role/elasticbeanstalk.amazonaws.com/",
              "unique_id": "AROARVZ4AQRH5I7CG3475"
            }
          },
          {
            "address": "aws_internet_gateway.igw",
            "mode": "managed",
            "type": "aws_internet_gateway",
            "name": "igw",
            "provider_name": "registry.terraform.io/hashicorp/aws",
            "schema_version": 0,
            "values": {
              "arn": "arn:aws:ec2:us-east-1:111111111111:internet-gateway/igw-03ea1b598a6ea02c5",
              "id": "igw-03ea1b598a6ea02c5",
              "owner_id": "111111111111",
              "tags": {},
              "tags_all": {},
              "vpc_id": "vpc-007c06c2f2f523575"
            },
            "depends_on": [
              "aws_vpc.test-vpc"
            ]
          },
          {
            "address": "aws_lb.public-elb",
            "mode": "managed",
            "type": "aws_lb",
            "name": "public-elb",
            "provider_name": "registry.terraform.io/hashicorp/aws",
            "schema_version": 0,
            "values": {
              "access_logs": [
                {
                  "bucket": "",
                  "enabled": false,
                  "prefix": ""
                }
              ],
              "arn": "arn:aws:elasticloadbalancing:us-east-1:111111111111:loadbalancer/net/public-elb/894e63926e8b3c62",
              "arn_suffix": "net/public-elb/894e63926e8b3c62",
              "customer_owned_ipv4_pool": "",
              "dns_name": "public-elb-894e63926e8b3c62.elb.us-east-1.amazonaws.com",
              "drop_invalid_header_fields": null,
              "enable_cross_zone_load_balancing": false,
              "enable_deletion_protection": false,
              "enable_http2": null,
              "id": "arn:aws:elasticloadbalancing:us-east-1:111111111111:loadbalancer/net/public-elb/894e63926e8b3c62",
              "idle_timeout": null,
              "internal": false,
              "ip_address_type": "ipv4",
              "load_balancer_type": "network",
              "name": "public-elb",
              "name_prefix": null,
              "security_groups": [],
              "subnet_mapping": [
                {
                  "allocation_id": "",
                  "ipv6_address": "",
                  "outpost_id": "",
                  "private_ipv4_address": "",
                  "subnet_id": "subnet-07614a49d99510f6b"
                }
              ],
              "subnets": [
                "subnet-07614a49d99510f6b"
              ],
              "tags": {},
              "tags_all": {},
              "timeouts": null,
              "vpc_id": "vpc-007c06c2f2f523575",
              "zone_id": "Z26RNL4JYFTOTI"
            },
            "depends_on": [
              "aws_subnet.public-subnet",
              "aws_vpc.test-vpc"
            ]
          },
          {
            "address": "aws_lb_listener.test",
            "mode": "managed",
            "type": "aws_lb_listener",
            "name": "test",
            "provider_name": "registry.terraform.io/hashicorp/aws",
            "schema_version": 0,
            "values": {
              "alpn_policy": null,
              "arn": "arn:aws:elasticloadbalancing:us-east-1:111111111111:listener/net/public-elb/894e63926e8b3c62/f2d56c4c510ddbda",
              "certificate_arn": null,
              "default_action": [
                {
                  "authenticate_cognito": [],
                  "authenticate_oidc": [],
                  "fixed_response": [],
                  "forward": [],
                  "order": 1,
                  "redirect": [],
                  "target_group_arn": "arn:aws:elasticloadbalancing:us-east-1:111111111111:targetgroup/elb-tg/6e6d8e670e665a4c",
                  "type": "forward"
                }
              ],
              "id": "arn:aws:elasticloadbalancing:us-east-1:111111111111:listener/net/public-elb/894e63926e8b3c62/f2d56c4c510ddbda",
              "load_balancer_arn": "arn:aws:elasticloadbalancing:us-east-1:111111111111:loadbalancer/net/public-elb/894e63926e8b3c62",
              "port": 80,
              "protocol": "TCP",
              "ssl_policy": "",
              "tags": {},
              "tags_all": {},
              "timeouts": null
            },
            "depends_on": [
              "aws_lb.public-elb",
              "aws_lb_target_group.elb-tg",
              "aws_subnet.public-subnet",
              "aws_vpc.test-vpc"
            ]
          },
          {
            "address": "aws_lb_target_group.elb-tg",
            "mode": "managed",
            "type": "aws_lb_target_group",
            "name": "elb-tg",
            "provider_name": "registry.terraform.io/hashicorp/aws",
            "schema_version": 0,
            "values": {
              "arn": "arn:aws:elasticloadbalancing:us-east-1:111111111111:targetgroup/elb-tg/6e6d8e670e665a4c",
              "arn_suffix": "targetgroup/elb-tg/6e6d8e670e665a4c",
              "deregistration_delay": 300,
              "health_check": [
                {
                  "enabled": true,
                  "healthy_threshold": 3,
                  "interval": 10,
                  "matcher": "",
                  "path": "",
                  "port": "80",
                  "protocol": "TCP",
                  "timeout": 10,
                  "unhealthy_threshold": 3
                }
              ],
              "id": "arn:aws:elasticloadbalancing:us-east-1:111111111111:targetgroup/elb-tg/6e6d8e670e665a4c",
              "lambda_multi_value_headers_enabled": false,
              "load_balancing_algorithm_type": null,
              "name": "elb-tg",
              "name_prefix": null,
              "port": 80,
              "preserve_client_ip": "false",
              "protocol": "TCP",
              "protocol_version": null,
              "proxy_protocol_v2": false,
              "slow_start": 0,
              "stickiness": [
                {
                  "cookie_duration": 0,
                  "cookie_name": "",
                  "enabled": false,
                  "type": "source_ip"
                }
              ],
              "tags": {},
              "tags_all": {},
              "target_type": "ip",
              "vpc_id": "vpc-007c06c2f2f523575"
            },
            "depends_on": [
              "aws_lb.public-elb",
              "aws_subnet.public-subnet",
              "aws_vpc.test-vpc"
            ]
          },
          {
            "address": "aws_network_acl.public-nacl",
            "mode": "managed",
            "type": "aws_network_acl",
            "name": "public-nacl",
            "provider_name": "registry.terraform.io/hashicorp/aws",
            "schema_version": 0,
            "values": {
              "arn": "arn:aws:ec2:us-east-1:111111111111:network-acl/acl-00662a1c9147e9b46",
              "egress": [
                {
                  "action": "allow",
                  "cidr_block": "0.0.0.0/0",
                  "from_port": 0,
                  "icmp_code": 0,
                  "icmp_type": 0,
                  "ipv6_cidr_block": "",
                  "protocol": "-1",
                  "rule_no": 100,
                  "to_port": 0
                }
              ],
              "id": "acl-00662a1c9147e9b46",
              "ingress": [
                {
                  "action": "allow",
                  "cidr_block": "0.0.0.0/0",
                  "from_port": 0,
                  "icmp_code": 0,
                  "icmp_type": 0,
                  "ipv6_cidr_block": "",
                  "protocol": "6",
                  "rule_no": 100,
                  "to_port": 0
                }
              ],
              "owner_id": "111111111111",
              "subnet_ids": [
                "subnet-07614a49d99510f6b"
              ],
              "tags": {},
              "tags_all": {},
              "vpc_id": "vpc-007c06c2f2f523575"
            },
            "depends_on": [
              "aws_subnet.public-subnet",
              "aws_vpc.test-vpc"
            ]
          },
          {
            "address": "aws_network_acl_rule.inbound-rule",
            "mode": "managed",
            "type": "aws_network_acl_rule",
            "name": "inbound-rule",
            "provider_name": "registry.terraform.io/hashicorp/aws",
            "schema_version": 0,
            "values": {
              "cidr_block": "0.0.0.0/0",
              "egress": false,
              "from_port": 0,
              "icmp_code": null,
              "icmp_type": null,
              "id": "nacl-3668553095",
              "ipv6_cidr_block": "",
              "network_acl_id": "acl-00662a1c9147e9b46",
              "protocol": "tcp",
              "rule_action": "allow",
              "rule_number": 100,
              "to_port": 0
            },
            "depends_on": [
              "aws_network_acl.public-nacl",
              "aws_subnet.public-subnet",
              "aws_vpc.test-vpc"
            ]
          },
          {
            "address": "aws_network_acl_rule.outbound-rule",
            "mode": "managed",
            "type": "aws_network_acl_rule",
            "name": "outbound-rule",
            "provider_name": "registry.terraform.io/hashicorp/aws",
            "schema_version": 0,
            "values": {
              "cidr_block": "0.0.0.0/0",
              "egress": true,
              "from_port": 0,
              "icmp_code": null,
              "icmp_type": null,
              "id": "nacl-2643428381",
              "ipv6_cidr_block": "",
              "network_acl_id": "acl-00662a1c9147e9b46",
              "protocol": "all",
              "rule_action": "allow",
              "rule_number": 100,
              "to_port": 0
            },
            "depends_on": [
              "aws_network_acl.public-nacl",
              "aws_subnet.public-subnet",
              "aws_vpc.test-vpc"
            ]
          },
          {
            "address": "aws_route.igw-route",
            "mode": "managed",
            "type": "aws_route",
            "name": "igw-route",
            "provider_name": "registry.terraform.io/hashicorp/aws",
            "schema_version": 0,
            "values": {
              "carrier_gateway_id": "",
              "destination_cidr_block": "0.0.0.0/0",
              "destination_ipv6_cidr_block": "",
              "destination_prefix_list_id": "",
              "egress_only_gateway_id": "",
              "gateway_id": "igw-03ea1b598a6ea02c5",
              "id": "r-rtb-06f18d000928bcc881080289494",
              "instance_id": "",
              "instance_owner_id": "",
              "local_gateway_id": "",
              "nat_gateway_id": "",
              "network_interface_id": "",
              "origin": "CreateRoute",
              "route_table_id": "rtb-06f18d000928bcc88",
              "state": "active",
              "timeouts": null,
              "transit_gateway_id": "",
              "vpc_endpoint_id": "",
              "vpc_peering_connection_id": ""
            },
            "depends_on": [
              "aws_internet_gateway.igw",
              "aws_route_table.public-subnet-rt",
              "aws_vpc.test-vpc"
            ]
          },
          {
            "address": "aws_route_table.public-subnet-rt",
            "mode": "managed",
            "type": "aws_route_table",
            "name": "public-subnet-rt",
            "provider_name": "registry.terraform.io/hashicorp/aws",
            "schema_version": 0,
            "values": {
              "arn": "arn:aws:ec2:us-east-1:111111111111:route-table/rtb-06f18d000928bcc88",
              "id": "rtb-06f18d000928bcc88",
              "owner_id": "111111111111",
              "propagating_vgws": [],
              "route": [
                {
                  "carrier_gateway_id": "",
                  "cidr_block": "0.0.0.0/0",
                  "destination_prefix_list_id": "",
                  "egress_only_gateway_id": "",
                  "gateway_id": "igw-03ea1b598a6ea02c5",
                  "instance_id": "",
                  "ipv6_cidr_block": "",
                  "local_gateway_id": "",
                  "nat_gateway_id": "",
                  "network_interface_id": "",
                  "transit_gateway_id": "",
                  "vpc_endpoint_id": "",
                  "vpc_peering_connection_id": ""
                }
              ],
              "tags": {},
              "tags_all": {},
              "vpc_id": "vpc-007c06c2f2f523575"
            },
            "depends_on": [
              "aws_vpc.test-vpc"
            ]
          },
          {
            "address": "aws_route_table_association.public-subnet-rt-assoc",
            "mode": "managed",
            "type": "aws_route_table_association",
            "name": "public-subnet-rt-assoc",
            "provider_name": "registry.terraform.io/hashicorp/aws",
            "schema_version": 0,
            "values": {
              "gateway_id": "",
              "id": "rtbassoc-0f5622dd46e8b169f",
              "route_table_id": "rtb-06f18d000928bcc88",
              "subnet_id": "subnet-07614a49d99510f6b"
            },
            "depends_on": [
              "aws_vpc.test-vpc",
              "aws_route_table.public-subnet-rt",
              "aws_subnet.public-subnet"
            ]
          },
          {
            "address": "aws_security_group.sg",
            "mode": "managed",
            "type": "aws_security_group",
            "name": "sg",
            "provider_name": "registry.terraform.io/hashicorp/aws",
            "schema_version": 1,
            "values": {
              "arn": "arn:aws:ec2:us-east-1:111111111111:security-group/sg-0b0be5a08a68fc351",
              "description": "Managed by Terraform",
              "egress": [
                {
                  "cidr_blocks": [
                    "0.0.0.0/0"
                  ],
                  "description": "",
                  "from_port": 0,
                  "ipv6_cidr_blocks": [],
                  "prefix_list_ids": [],
                  "protocol": "-1",
                  "security_groups": [],
                  "self": false,
                  "to_port": 0
                }
              ],
              "id": "sg-0b0be5a08a68fc351",
              "ingress": [
                {
                  "cidr_blocks": [
                    "0.0.0.0/0"
                  ],
                  "description": "mysql",
                  "from_port": 0,
                  "ipv6_cidr_blocks": [],
                  "prefix_list_ids": [],
                  "protocol": "tcp",
                  "security_groups": [],
                  "self": false,
                  "to_port": 0
                }
              ],
              "name": "sg",
              "name_prefix": "",
              "owner_id": "111111111111",
              "revoke_rules_on_delete": false,
              "tags": {},
              "tags_all": {},
              "timeouts": null,
              "vpc_id": "vpc-007c06c2f2f523575"
            },
            "depends_on": [
              "aws_vpc.test-vpc"
            ]
          },
          {
            "address": "aws_subnet.public-subnet",
            "mode": "managed",
            "type": "aws_subnet",
            "name": "public-subnet",
            "provider_name": "registry.terraform.io/hashicorp/aws",
            "schema_version": 1,
            "values": {
              "arn": "arn:aws:ec2:us-east-1:111111111111:subnet/subnet-07614a49d99510f6b",
              "assign_ipv6_address_on_creation": false,
              "availability_zone": "us-east-1a",
              "availability_zone_id": "use1-az1",
              "cidr_block": "192.168.10.0/24",
              "customer_owned_ipv4_pool": "",
              "id": "subnet-07614a49d99510f6b",
              "ipv6_cidr_block": "",
              "ipv6_cidr_block_association_id": "",
              "map_customer_owned_ip_on_launch": false,
              "map_public_ip_on_launch": false,
              "outpost_arn": "",
              "owner_id": "111111111111",
              "tags": {
                "Name": "Cloudrail Subnet Test for Tagging"
              },
              "tags_all": {
                "Name": "Cloudrail Subnet Test for Tagging"
              },
              "timeouts": null,
              "vpc_id": "vpc-007c06c2f2f523575"
            },
            "depends_on": [
              "aws_vpc.test-vpc"
            ]
          },
          {
            "address": "aws_vpc.test-vpc",
            "mode": "managed",
            "type": "aws_vpc",
            "name": "test-vpc",
            "provider_name": "registry.terraform.io/hashicorp/aws",
            "schema_version": 1,
            "values": {
              "arn": "arn:aws:ec2:us-east-1:111111111111:vpc/vpc-007c06c2f2f523575",
              "assign_generated_ipv6_cidr_block": false,
              "cidr_block": "192.168.10.0/24",
              "default_network_acl_id": "acl-065b39eb1c2d6ffd3",
              "default_route_table_id": "rtb-09dc9b6e1f9aa1600",
              "default_security_group_id": "sg-0cf40838d4e86b1a3",
              "dhcp_options_id": "dopt-3045214a",
              "enable_classiclink": false,
              "enable_classiclink_dns_support": false,
              "enable_dns_hostnames": false,
              "enable_dns_support": true,
              "id": "vpc-007c06c2f2f523575",
              "instance_tenancy": "default",
              "ipv6_association_id": "",
              "ipv6_cidr_block": "",
              "main_route_table_id": "rtb-09dc9b6e1f9aa1600",
              "owner_id": "111111111111",
              "tags": {},
              "tags_all": {}
            }
          },
          {
            "address": "data.aws_ecs_container_definition.container-definition",
            "mode": "data",
            "type": "aws_ecs_container_definition",
            "name": "container-definition",
            "provider_name": "registry.terraform.io/hashicorp/aws",
            "schema_version": 0,
            "values": {
              "container_name": "apache-web-server",
              "cpu": 0,
              "disable_networking": false,
              "docker_labels": {},
              "environment": {},
              "id": "arn:aws:ecs:us-east-1:111111111111:task-definition/web-server-task:44/apache-web-server",
              "image": "167389268608.dkr.ecr.us-east-1.amazonaws.com/apache-web-server:latest",
              "image_digest": "latest",
              "memory": 0,
              "memory_reservation": 0,
              "task_definition": "web-server-task"
            }
          },
          {
            "address": "data.aws_ecs_container_definition.web-server-container",
            "mode": "data",
            "type": "aws_ecs_container_definition",
            "name": "web-server-container",
            "provider_name": "registry.terraform.io/hashicorp/aws",
            "schema_version": 0,
            "values": {
              "container_name": "apache-web-server",
              "cpu": 0,
              "disable_networking": false,
              "docker_labels": {},
              "environment": {},
              "id": "arn:aws:ecs:us-east-1:111111111111:task-definition/web-server-task:44/apache-web-server",
              "image": "167389268608.dkr.ecr.us-east-1.amazonaws.com/apache-web-server:latest",
              "image_digest": "latest",
              "memory": 0,
              "memory_reservation": 0,
              "task_definition": "web-server-task"
            }
          }
        ]
      }
    }
  },
  "configuration": {
    "root_module": {
      "resources": [
        {
          "address": "aws_ecs_cluster.ecs-cluster",
          "mode": "managed",
          "type": "aws_ecs_cluster",
          "name": "ecs-cluster",
          "provider_config_key": "aws",
          "expressions": {
            "name": {
              "constant_value": "ecs-cluster"
            },
            "tags": {
              "constant_value": {
                "Env": "Cloudrail",
                "Name": "ecs-cluster-test"
              }
            }
          },
          "schema_version": 0,
          "raw_data": {
            "FileName": "main.tf",
            "StartLine": 83,
            "EndLine": 89
          }
        },
        {
          "address": "aws_ecs_service.web-server-service",
          "mode": "managed",
          "type": "aws_ecs_service",
          "name": "web-server-service",
          "provider_config_key": "aws",
          "expressions": {
            "cluster": {
              "references": [
                "aws_ecs_cluster.ecs-cluster"
              ]
            },
            "desired_count": {
              "constant_value": 1
            },
            "launch_type": {
              "constant_value": "FARGATE"
            },
            "load_balancer": [
              {
                "container_name": {
                  "references": [
                    "data.aws_ecs_container_definition.web-server-container"
                  ]
                },
                "container_port": {
                  "constant_value": 80
                },
                "target_group_arn": {
                  "references": [
                    "aws_lb_target_group.elb-tg"
                  ]
                }
              }
            ],
            "name": {
              "constant_value": "web-server-service"
            },
            "network_configuration": [
              {
                "assign_public_ip": {
                  "constant_value": true
                },
                "security_groups": {
                  "references": [
                    "aws_security_group.sg"
                  ]
                },
                "subnets": {
                  "references": [
                    "aws_subnet.public-subnet"
                  ]
                }
              }
            ],
            "tags": {
              "constant_value": {
                "Env": "Cloudrail",
                "Name": "ecs-cluster-test"
              }
            },
            "task_definition": {
              "references": [
                "aws_ecs_task_definition.web-server-task-definition"
              ]
            }
          },
          "schema_version": 0,
          "raw_data": {
            "FileName": "main.tf",
            "StartLine": 138,
            "EndLine": 160
          }
        },
        {
          "address": "aws_ecs_task_definition.web-server-task-definition",
          "mode": "managed",
          "type": "aws_ecs_task_definition",
          "name": "web-server-task-definition",
          "provider_config_key": "aws",
          "expressions": {
            "container_definitions": {
              "constant_value": "  [\n    {\n      \"name\": \"apache-web-server\",\n      \"image\": \"167389268608.dkr.ecr.us-east-1.amazonaws.com/apache-web-server:latest\",\n      \"essential\": true,\n      \"portMappings\": [\n        {\n          \"containerPort\": 80,\n          \"hostPort\": 80,\n          \"protocol\": \"tcp\"\n        }\n      ]\n    }\n  ]\n"
            },
            "cpu": {
              "constant_value": "256"
            },
            "execution_role_arn": {
              "references": [
                "aws_iam_service_linked_role.ecs"
              ]
            },
            "family": {
              "constant_value": "web-server-task"
            },
            "memory": {
              "constant_value": "512"
            },
            "network_mode": {
              "constant_value": "awsvpc"
            },
            "requires_compatibilities": {
              "constant_value": [
                "FARGATE"
              ]
            },
            "tags": {
              "constant_value": {
                "Env": "Cloudrail",
                "Name": "ecs-cluster-test"
              }
            }
          },
          "schema_version": 1,
          "raw_data": {
            "FileName": "main.tf",
            "StartLine": 96,
            "EndLine": 123
          }
        },
        {
          "address": "aws_iam_service_linked_role.ecs",
          "mode": "managed",
          "type": "aws_iam_service_linked_role",
          "name": "ecs",
          "provider_config_key": "aws",
          "expressions": {
            "aws_service_name": {
              "constant_value": "elasticbeanstalk.amazonaws.com"
            }
          },
          "schema_version": 0,
          "raw_data": {
            "FileName": "main.tf",
            "StartLine": 190,
            "EndLine": 192
          }
        },
        {
          "address": "aws_internet_gateway.igw",
          "mode": "managed",
          "type": "aws_internet_gateway",
          "name": "igw",
          "provider_config_key": "aws",
          "expressions": {
            "vpc_id": {
              "references": [
                "aws_vpc.test-vpc"
              ]
            }
          },
          "schema_version": 0,
          "raw_data": {
            "FileName": "main.tf",
            "StartLine": 42,
            "EndLine": 44
          }
        },
        {
          "address": "aws_lb.public-elb",
          "mode": "managed",
          "type": "aws_lb",
          "name": "public-elb",
          "provider_config_key": "aws",
          "expressions": {
            "internal": {
              "constant_value": false
            },
            "load_balancer_type": {
              "constant_value": "network"
            },
            "name": {
              "constant_value": "public-elb"
            },
            "subnets": {
              "references": [
                "aws_subnet.public-subnet"
              ]
            }
          },
          "schema_version": 0,
          "raw_data": {
            "FileName": "main.tf",
            "StartLine": 130,
            "EndLine": 136
          }
        },
        {
          "address": "aws_lb_listener.test",
          "mode": "managed",
          "type": "aws_lb_listener",
          "name": "test",
          "provider_config_key": "aws",
          "expressions": {
            "default_action": [
              {
                "target_group_arn": {
                  "references": [
                    "aws_lb_target_group.elb-tg"
                  ]
                },
                "type": {
                  "constant_value": "forward"
                }
              }
            ],
            "load_balancer_arn": {
              "references": [
                "aws_lb.public-elb"
              ]
            },
            "port": {
              "constant_value": 80
            },
            "protocol": {
              "constant_value": "TCP"
            }
          },
          "schema_version": 0,
          "raw_data": {
            "FileName": "main.tf",
            "StartLine": 178,
            "EndLine": 187
          }
        },
        {
          "address": "aws_lb_target_group.elb-tg",
          "mode": "managed",
          "type": "aws_lb_target_group",
          "name": "elb-tg",
          "provider_config_key": "aws",
          "expressions": {
            "health_check": [
              {
                "interval": {
                  "constant_value": 10
                },
                "port": {
                  "constant_value": 80
                },
                "protocol": {
                  "constant_value": "TCP"
                }
              }
            ],
            "name": {
              "constant_value": "elb-tg"
            },
            "port": {
              "constant_value": 80
            },
            "protocol": {
              "constant_value": "TCP"
            },
            "target_type": {
              "constant_value": "ip"
            },
            "vpc_id": {
              "references": [
                "aws_vpc.test-vpc"
              ]
            }
          },
          "schema_version": 0,
          "depends_on": [
            "aws_lb.public-elb"
          ],
          "raw_data": {
            "FileName": "main.tf",
            "StartLine": 162,
            "EndLine": 176
          }
        },
        {
          "address": "aws_network_acl.public-nacl",
          "mode": "managed",
          "type": "aws_network_acl",
          "name": "public-nacl",
          "provider_config_key": "aws",
          "expressions": {
            "subnet_ids": {
              "references": [
                "aws_subnet.public-subnet"
              ]
            },
            "vpc_id": {
              "references": [
                "aws_vpc.test-vpc"
              ]
            }
          },
          "schema_version": 0,
          "raw_data": {
            "FileName": "main.tf",
            "StartLine": 15,
            "EndLine": 18
          }
        },
        {
          "address": "aws_network_acl_rule.inbound-rule",
          "mode": "managed",
          "type": "aws_network_acl_rule",
          "name": "inbound-rule",
          "provider_config_key": "aws",
          "expressions": {
            "cidr_block": {
              "constant_value": "0.0.0.0/0"
            },
            "egress": {
              "constant_value": false
            },
            "from_port": {
              "constant_value": 0
            },
            "network_acl_id": {
              "references": [
                "aws_network_acl.public-nacl"
              ]
            },
            "protocol": {
              "constant_value": "tcp"
            },
            "rule_action": {
              "constant_value": "allow"
            },
            "rule_number": {
              "constant_value": 100
            },
            "to_port": {
              "constant_value": 0
            }
          },
          "schema_version": 0,
          "raw_data": {
            "FileName": "main.tf",
            "StartLine": 20,
            "EndLine": 29
          }
        },
        {
          "address": "aws_network_acl_rule.outbound-rule",
          "mode": "managed",
          "type": "aws_network_acl_rule",
          "name": "outbound-rule",
          "provider_config_key": "aws",
          "expressions": {
            "cidr_block": {
              "constant_value": "0.0.0.0/0"
            },
            "egress": {
              "constant_value": true
            },
            "from_port": {
              "constant_value": 0
            },
            "network_acl_id": {
              "references": [
                "aws_network_acl.public-nacl"
              ]
            },
            "protocol": {
              "constant_value": -1
            },
            "rule_action": {
              "constant_value": "allow"
            },
            "rule_number": {
              "constant_value": 100
            },
            "to_port": {
              "constant_value": 0
            }
          },
          "schema_version": 0,
          "raw_data": {
            "FileName": "main.tf",
            "StartLine": 31,
            "EndLine": 40
          }
        },
        {
          "address": "aws_route.igw-route",
          "mode": "managed",
          "type": "aws_route",
          "name": "igw-route",
          "provider_config_key": "aws",
          "expressions": {
            "destination_cidr_block": {
              "constant_value": "0.0.0.0/0"
            },
            "gateway_id": {
              "references": [
                "aws_internet_gateway.igw"
              ]
            },
            "route_table_id": {
              "references": [
                "aws_route_table.public-subnet-rt"
              ]
            }
          },
          "schema_version": 0,
          "raw_data": {
            "FileName": "main.tf",
            "StartLine": 50,
            "EndLine": 54
          }
        },
        {
          "address": "aws_route_table.public-subnet-rt",
          "mode": "managed",
          "type": "aws_route_table",
          "name": "public-subnet-rt",
          "provider_config_key": "aws",
          "expressions": {
            "vpc_id": {
              "references": [
                "aws_vpc.test-vpc"
              ]
            }
          },
          "schema_version": 0,
          "raw_data": {
            "FileName": "main.tf",
            "StartLine": 46,
            "EndLine": 48
          }
        },
        {
          "address": "aws_route_table_association.public-subnet-rt-assoc",
          "mode": "managed",
          "type": "aws_route_table_association",
          "name": "public-subnet-rt-assoc",
          "provider_config_key": "aws",
          "expressions": {
            "route_table_id": {
              "references": [
                "aws_route_table.public-subnet-rt"
              ]
            },
            "subnet_id": {
              "references": [
                "aws_subnet.public-subnet"
              ]
            }
          },
          "schema_version": 0,
          "raw_data": {
            "FileName": "main.tf",
            "StartLine": 56,
            "EndLine": 59
          }
        },
        {
          "address": "aws_security_group.sg",
          "mode": "managed",
          "type": "aws_security_group",
          "name": "sg",
          "provider_config_key": "aws",
          "expressions": {
            "name": {
              "constant_value": "sg"
            },
            "vpc_id": {
              "references": [
                "aws_vpc.test-vpc"
              ]
            }
          },
          "schema_version": 1,
          "raw_data": {
            "FileName": "main.tf",
            "StartLine": 62,
            "EndLine": 81
          }
        },
        {
          "address": "aws_subnet.public-subnet",
          "mode": "managed",
          "type": "aws_subnet",
          "name": "public-subnet",
          "provider_config_key": "aws",
          "expressions": {
            "availability_zone": {
              "constant_value": "us-east-1a"
            },
            "cidr_block": {
              "constant_value": "192.168.10.0/24"
            },
            "tags": {
              "constant_value": {
                "Name": "Cloudrail Subnet Test for Tagging"
              }
            },
            "vpc_id": {
              "references": [
                "aws_vpc.test-vpc"
              ]
            }
          },
          "schema_version": 1,
          "raw_data": {
            "FileName": "main.tf",
            "StartLine": 6,
            "EndLine": 13
          }
        },
        {
          "address": "aws_vpc.test-vpc",
          "mode": "managed",
          "type": "aws_vpc",
          "name": "test-vpc",
          "provider_config_key": "aws",
          "expressions": {
            "cidr_block": {
              "constant_value": "192.168.10.0/24"
            }
          },
          "schema_version": 1,
          "raw_data": {
            "FileName": "main.tf",
            "StartLine": 2,
            "EndLine": 4
          }
        },
        {
          "address": "data.aws_ecs_container_definition.container-definition",
          "mode": "data",
          "type": "aws_ecs_container_definition",
          "name": "container-definition",
          "provider_config_key": "aws",
          "expressions": {
            "container_name": {
              "constant_value": "apache-web-server"
            },
            "task_definition": {
              "references": [
                "aws_ecs_task_definition.web-server-task-definition"
              ]
            }
          },
          "schema_version": 0,
          "raw_data": {
            "FileName": "main.tf",
            "StartLine": 125,
            "EndLine": 128
          }
        },
        {
          "address": "data.aws_ecs_container_definition.web-server-container",
          "mode": "data",
          "type": "aws_ecs_container_definition",
          "name": "web-server-container",
          "provider_config_key": "aws",
          "expressions": {
            "container_name": {
              "constant_value": "apache-web-server"
            },
            "task_definition": {
              "references": [
                "aws_ecs_task_definition.web-server-task-definition"
              ]
            }
          },
          "schema_version": 0,
          "raw_data": {
            "FileName": "main.tf",
            "StartLine": 91,
            "EndLine": 94
          }
        }
      ]
    }
  }
}
