{"format_version":"0.1","terraform_version":"0.14.6","planned_values":{"root_module":{"resources":[{"address":"azurerm_subscription.test[0]","mode":"managed","type":"azurerm_subscription","name":"test","index":0,"provider_name":"registry.terraform.io/hashicorp/azurerm","schema_version":0,"values":{"alias":"cr3703-subscription-alias","billing_scope_id":"/providers/Microsoft.Billing/billingAccounts/doron/enrollmentAccounts/doron","subscription_name":"dev_alon","tags":null,"timeouts":null,"workload":"Production"}}]}},"resource_changes":[{"address":"azurerm_subscription.test[0]","mode":"managed","type":"azurerm_subscription","name":"test","index":0,"provider_name":"registry.terraform.io/hashicorp/azurerm","change":{"actions":["create"],"before":null,"after":{"alias":"cr3703-subscription-alias","billing_scope_id":"/providers/Microsoft.Billing/billingAccounts/doron/enrollmentAccounts/doron","subscription_name":"dev_alon","tags":null,"timeouts":null,"workload":"Production"},"after_unknown":{"id":true,"subscription_id":true,"tenant_id":true}}}],"prior_state":{"format_version":"0.1","terraform_version":"0.14.11","values":{"root_module":{"resources":[{"address":"data.azurerm_billing_enrollment_account_scope.test[0]","mode":"data","type":"azurerm_billing_enrollment_account_scope","name":"test","index":0,"provider_name":"registry.terraform.io/hashicorp/azurerm","schema_version":0,"values":{"billing_account_name":"doron","enrollment_account_name":"doron","id":"/providers/Microsoft.Billing/billingAccounts/doron/enrollmentAccounts/doron","timeouts":null}}]}}},"configuration":{"provider_config":{"azurerm":{"name":"azurerm","expressions":{"features":[{}]}}},"root_module":{"resources":[{"address":"azurerm_subscription.test","mode":"managed","type":"azurerm_subscription","name":"test","provider_config_key":"azurerm","expressions":{"alias":{"references":["local.resource_prefix"]},"billing_scope_id":{"references":["data.azurerm_billing_enrollment_account_scope.test[0]"]},"subscription_name":{"constant_value":"dev_alon"},"workload":{"constant_value":"Production"}},"schema_version":0,"count_expression":{"references":["local.billing_account_name"]},"raw_data":{"FileName":"main.tf","StartLine":19,"EndLine":25}},{"address":"data.azurerm_billing_enrollment_account_scope.test","mode":"data","type":"azurerm_billing_enrollment_account_scope","name":"test","provider_config_key":"azurerm","expressions":{"billing_account_name":{"references":["local.billing_account_name"]},"enrollment_account_name":{"references":["local.enrollment_account_name"]}},"schema_version":0,"count_expression":{"references":["local.billing_account_name"]},"raw_data":{"FileName":"main.tf","StartLine":13,"EndLine":17}}]}}}
